
Microsoft Visual Studio Solution File, Format Version 12.00
# Visual Studio 2012
Project("{FAE04EC0-301F-11D3-BF4B-00C04F79EFBC}") = "Patchy", "Patchy\Patchy.csproj", "{43E0AA6B-8DF3-429C-BD51-20314E47F61A}"
EndProject
Project("{FAE04EC0-301F-11D3-BF4B-00C04F79EFBC}") = "Installer", "Installer\Installer.csproj", "{1108AAC3-B62F-4298-8399-A6209A2A92CD}"
	ProjectSection(ProjectDependencies) = postProject
		{4E0E1B51-FEBB-4281-976F-816C5842D190} = {4E0E1B51-FEBB-4281-976F-816C5842D190}
		{43E0AA6B-8DF3-429C-BD51-20314E47F61A} = {43E0AA6B-8DF3-429C-BD51-20314E47F61A}
		{7A2A7E73-FD43-4171-AA34-DA413D35459E} = {7A2A7E73-FD43-4171-AA34-DA413D35459E}
		{9D205384-A70C-4FF1-A962-7853CFE8FACB} = {9D205384-A70C-4FF1-A962-7853CFE8FACB}
		{D68133BD-1E63-496E-9EDE-4FBDBF77B486} = {D68133BD-1E63-496E-9EDE-4FBDBF77B486}
	EndProjectSection
EndProject
Project("{FAE04EC0-301F-11D3-BF4B-00C04F79EFBC}") = "MonoTorrent", "externals\monotorrent\src\MonoTorrent\MonoTorrent.csproj", "{411A9E0E-FDC6-4E25-828A-0C2CD1CD96F8}"
EndProject
Project("{FAE04EC0-301F-11D3-BF4B-00C04F79EFBC}") = "MonoTorrent.Dht", "externals\monotorrent\src\MonoTorrent.Dht\MonoTorrent.Dht.csproj", "{7A2A7E73-FD43-4171-AA34-DA413D35459E}"
EndProject
Project("{FAE04EC0-301F-11D3-BF4B-00C04F79EFBC}") = "Mono.Cecil", "externals\cecil\Mono.Cecil.csproj", "{D68133BD-1E63-496E-9EDE-4FBDBF77B486}"
EndProject
Project("{FAE04EC0-301F-11D3-BF4B-00C04F79EFBC}") = "Patchy.PostBuild.EmbedAssembly", "Patchy.PostBuild.EmbedAssembly\Patchy.PostBuild.EmbedAssembly.csproj", "{9D205384-A70C-4FF1-A962-7853CFE8FACB}"
EndProject
Project("{FAE04EC0-301F-11D3-BF4B-00C04F79EFBC}") = "Uninstaller", "Uninstaller\Uninstaller.csproj", "{4E0E1B51-FEBB-4281-976F-816C5842D190}"
EndProject
Global
	GlobalSection(SolutionConfigurationPlatforms) = preSolution
		Debug|Any CPU = Debug|Any CPU
		Debug|Mixed Platforms = Debug|Mixed Platforms
		Debug|x86 = Debug|x86
		net_2_0_Debug|Any CPU = net_2_0_Debug|Any CPU
		net_2_0_Debug|Mixed Platforms = net_2_0_Debug|Mixed Platforms
		net_2_0_Debug|x86 = net_2_0_Debug|x86
		net_2_0_Release|Any CPU = net_2_0_Release|Any CPU
		net_2_0_Release|Mixed Platforms = net_2_0_Release|Mixed Platforms
		net_2_0_Release|x86 = net_2_0_Release|x86
		net_3_5_Debug|Any CPU = net_3_5_Debug|Any CPU
		net_3_5_Debug|Mixed Platforms = net_3_5_Debug|Mixed Platforms
		net_3_5_Debug|x86 = net_3_5_Debug|x86
		net_3_5_Release|Any CPU = net_3_5_Release|Any CPU
		net_3_5_Release|Mixed Platforms = net_3_5_Release|Mixed Platforms
		net_3_5_Release|x86 = net_3_5_Release|x86
		net_4_0_Debug|Any CPU = net_4_0_Debug|Any CPU
		net_4_0_Debug|Mixed Platforms = net_4_0_Debug|Mixed Platforms
		net_4_0_Debug|x86 = net_4_0_Debug|x86
		net_4_0_Release|Any CPU = net_4_0_Release|Any CPU
		net_4_0_Release|Mixed Platforms = net_4_0_Release|Mixed Platforms
		net_4_0_Release|x86 = net_4_0_Release|x86
		Portable|Any CPU = Portable|Any CPU
		Portable|Mixed Platforms = Portable|Mixed Platforms
		Portable|x86 = Portable|x86
		Release|Any CPU = Release|Any CPU
		Release|Mixed Platforms = Release|Mixed Platforms
		Release|x86 = Release|x86
		silverlight_Debug|Any CPU = silverlight_Debug|Any CPU
		silverlight_Debug|Mixed Platforms = silverlight_Debug|Mixed Platforms
		silverlight_Debug|x86 = silverlight_Debug|x86
		silverlight_Release|Any CPU = silverlight_Release|Any CPU
		silverlight_Release|Mixed Platforms = silverlight_Release|Mixed Platforms
		silverlight_Release|x86 = silverlight_Release|x86
		Stats|Any CPU = Stats|Any CPU
		Stats|Mixed Platforms = Stats|Mixed Platforms
		Stats|x86 = Stats|x86
		winphone_Debug|Any CPU = winphone_Debug|Any CPU
		winphone_Debug|Mixed Platforms = winphone_Debug|Mixed Platforms
		winphone_Debug|x86 = winphone_Debug|x86
		winphone_Release|Any CPU = winphone_Release|Any CPU
		winphone_Release|Mixed Platforms = winphone_Release|Mixed Platforms
		winphone_Release|x86 = winphone_Release|x86
	EndGlobalSection
	GlobalSection(ProjectConfigurationPlatforms) = postSolution
		{43E0AA6B-8DF3-429C-BD51-20314E47F61A}.Debug|Any CPU.ActiveCfg = Debug|Any CPU
		{43E0AA6B-8DF3-429C-BD51-20314E47F61A}.Debug|Any CPU.Build.0 = Debug|Any CPU
		{43E0AA6B-8DF3-429C-BD51-20314E47F61A}.Debug|Mixed Platforms.ActiveCfg = Debug|Any CPU
		{43E0AA6B-8DF3-429C-BD51-20314E47F61A}.Debug|Mixed Platforms.Build.0 = Debug|Any CPU
		{43E0AA6B-8DF3-429C-BD51-20314E47F61A}.Debug|x86.ActiveCfg = Debug|Any CPU
		{43E0AA6B-8DF3-429C-BD51-20314E47F61A}.net_2_0_Debug|Any CPU.ActiveCfg = Debug|Any CPU
		{43E0AA6B-8DF3-429C-BD51-20314E47F61A}.net_2_0_Debug|Any CPU.Build.0 = Debug|Any CPU
		{43E0AA6B-8DF3-429C-BD51-20314E47F61A}.net_2_0_Debug|Mixed Platforms.ActiveCfg = Debug|Any CPU
		{43E0AA6B-8DF3-429C-BD51-20314E47F61A}.net_2_0_Debug|Mixed Platforms.Build.0 = Debug|Any CPU
		{43E0AA6B-8DF3-429C-BD51-20314E47F61A}.net_2_0_Debug|x86.ActiveCfg = Debug|Any CPU
		{43E0AA6B-8DF3-429C-BD51-20314E47F61A}.net_2_0_Release|Any CPU.ActiveCfg = Release|Any CPU
		{43E0AA6B-8DF3-429C-BD51-20314E47F61A}.net_2_0_Release|Any CPU.Build.0 = Release|Any CPU
		{43E0AA6B-8DF3-429C-BD51-20314E47F61A}.net_2_0_Release|Mixed Platforms.ActiveCfg = Release|Any CPU
		{43E0AA6B-8DF3-429C-BD51-20314E47F61A}.net_2_0_Release|Mixed Platforms.Build.0 = Release|Any CPU
		{43E0AA6B-8DF3-429C-BD51-20314E47F61A}.net_2_0_Release|x86.ActiveCfg = Release|Any CPU
		{43E0AA6B-8DF3-429C-BD51-20314E47F61A}.net_3_5_Debug|Any CPU.ActiveCfg = Debug|Any CPU
		{43E0AA6B-8DF3-429C-BD51-20314E47F61A}.net_3_5_Debug|Any CPU.Build.0 = Debug|Any CPU
		{43E0AA6B-8DF3-429C-BD51-20314E47F61A}.net_3_5_Debug|Mixed Platforms.ActiveCfg = Debug|Any CPU
		{43E0AA6B-8DF3-429C-BD51-20314E47F61A}.net_3_5_Debug|Mixed Platforms.Build.0 = Debug|Any CPU
		{43E0AA6B-8DF3-429C-BD51-20314E47F61A}.net_3_5_Debug|x86.ActiveCfg = Debug|Any CPU
		{43E0AA6B-8DF3-429C-BD51-20314E47F61A}.net_3_5_Release|Any CPU.ActiveCfg = Release|Any CPU
		{43E0AA6B-8DF3-429C-BD51-20314E47F61A}.net_3_5_Release|Any CPU.Build.0 = Release|Any CPU
		{43E0AA6B-8DF3-429C-BD51-20314E47F61A}.net_3_5_Release|Mixed Platforms.ActiveCfg = Release|Any CPU
		{43E0AA6B-8DF3-429C-BD51-20314E47F61A}.net_3_5_Release|Mixed Platforms.Build.0 = Release|Any CPU
		{43E0AA6B-8DF3-429C-BD51-20314E47F61A}.net_3_5_Release|x86.ActiveCfg = Release|Any CPU
		{43E0AA6B-8DF3-429C-BD51-20314E47F61A}.net_4_0_Debug|Any CPU.ActiveCfg = Debug|Any CPU
		{43E0AA6B-8DF3-429C-BD51-20314E47F61A}.net_4_0_Debug|Any CPU.Build.0 = Debug|Any CPU
		{43E0AA6B-8DF3-429C-BD51-20314E47F61A}.net_4_0_Debug|Mixed Platforms.ActiveCfg = Debug|Any CPU
		{43E0AA6B-8DF3-429C-BD51-20314E47F61A}.net_4_0_Debug|Mixed Platforms.Build.0 = Debug|Any CPU
		{43E0AA6B-8DF3-429C-BD51-20314E47F61A}.net_4_0_Debug|x86.ActiveCfg = Debug|Any CPU
		{43E0AA6B-8DF3-429C-BD51-20314E47F61A}.net_4_0_Release|Any CPU.ActiveCfg = Release|Any CPU
		{43E0AA6B-8DF3-429C-BD51-20314E47F61A}.net_4_0_Release|Any CPU.Build.0 = Release|Any CPU
		{43E0AA6B-8DF3-429C-BD51-20314E47F61A}.net_4_0_Release|Mixed Platforms.ActiveCfg = Release|Any CPU
		{43E0AA6B-8DF3-429C-BD51-20314E47F61A}.net_4_0_Release|Mixed Platforms.Build.0 = Release|Any CPU
		{43E0AA6B-8DF3-429C-BD51-20314E47F61A}.net_4_0_Release|x86.ActiveCfg = Release|Any CPU
		{43E0AA6B-8DF3-429C-BD51-20314E47F61A}.Portable|Any CPU.ActiveCfg = Portable|Any CPU
		{43E0AA6B-8DF3-429C-BD51-20314E47F61A}.Portable|Any CPU.Build.0 = Portable|Any CPU
		{43E0AA6B-8DF3-429C-BD51-20314E47F61A}.Portable|Mixed Platforms.ActiveCfg = Portable|Any CPU
		{43E0AA6B-8DF3-429C-BD51-20314E47F61A}.Portable|Mixed Platforms.Build.0 = Portable|Any CPU
		{43E0AA6B-8DF3-429C-BD51-20314E47F61A}.Portable|x86.ActiveCfg = Portable|Any CPU
		{43E0AA6B-8DF3-429C-BD51-20314E47F61A}.Release|Any CPU.ActiveCfg = Release|Any CPU
		{43E0AA6B-8DF3-429C-BD51-20314E47F61A}.Release|Any CPU.Build.0 = Release|Any CPU
		{43E0AA6B-8DF3-429C-BD51-20314E47F61A}.Release|Mixed Platforms.ActiveCfg = Release|Any CPU
		{43E0AA6B-8DF3-429C-BD51-20314E47F61A}.Release|Mixed Platforms.Build.0 = Release|Any CPU
		{43E0AA6B-8DF3-429C-BD51-20314E47F61A}.Release|x86.ActiveCfg = Release|Any CPU
		{43E0AA6B-8DF3-429C-BD51-20314E47F61A}.silverlight_Debug|Any CPU.ActiveCfg = Debug|Any CPU
		{43E0AA6B-8DF3-429C-BD51-20314E47F61A}.silverlight_Debug|Any CPU.Build.0 = Debug|Any CPU
		{43E0AA6B-8DF3-429C-BD51-20314E47F61A}.silverlight_Debug|Mixed Platforms.ActiveCfg = Debug|Any CPU
		{43E0AA6B-8DF3-429C-BD51-20314E47F61A}.silverlight_Debug|Mixed Platforms.Build.0 = Debug|Any CPU
		{43E0AA6B-8DF3-429C-BD51-20314E47F61A}.silverlight_Debug|x86.ActiveCfg = Debug|Any CPU
		{43E0AA6B-8DF3-429C-BD51-20314E47F61A}.silverlight_Release|Any CPU.ActiveCfg = Release|Any CPU
		{43E0AA6B-8DF3-429C-BD51-20314E47F61A}.silverlight_Release|Any CPU.Build.0 = Release|Any CPU
		{43E0AA6B-8DF3-429C-BD51-20314E47F61A}.silverlight_Release|Mixed Platforms.ActiveCfg = Release|Any CPU
		{43E0AA6B-8DF3-429C-BD51-20314E47F61A}.silverlight_Release|Mixed Platforms.Build.0 = Release|Any CPU
		{43E0AA6B-8DF3-429C-BD51-20314E47F61A}.silverlight_Release|x86.ActiveCfg = Release|Any CPU
		{43E0AA6B-8DF3-429C-BD51-20314E47F61A}.Stats|Any CPU.ActiveCfg = Release|Any CPU
		{43E0AA6B-8DF3-429C-BD51-20314E47F61A}.Stats|Any CPU.Build.0 = Release|Any CPU
		{43E0AA6B-8DF3-429C-BD51-20314E47F61A}.Stats|Mixed Platforms.ActiveCfg = Release|Any CPU
		{43E0AA6B-8DF3-429C-BD51-20314E47F61A}.Stats|Mixed Platforms.Build.0 = Release|Any CPU
		{43E0AA6B-8DF3-429C-BD51-20314E47F61A}.Stats|x86.ActiveCfg = Release|Any CPU
		{43E0AA6B-8DF3-429C-BD51-20314E47F61A}.winphone_Debug|Any CPU.ActiveCfg = Debug|Any CPU
		{43E0AA6B-8DF3-429C-BD51-20314E47F61A}.winphone_Debug|Any CPU.Build.0 = Debug|Any CPU
		{43E0AA6B-8DF3-429C-BD51-20314E47F61A}.winphone_Debug|Mixed Platforms.ActiveCfg = Debug|Any CPU
		{43E0AA6B-8DF3-429C-BD51-20314E47F61A}.winphone_Debug|Mixed Platforms.Build.0 = Debug|Any CPU
		{43E0AA6B-8DF3-429C-BD51-20314E47F61A}.winphone_Debug|x86.ActiveCfg = Debug|Any CPU
		{43E0AA6B-8DF3-429C-BD51-20314E47F61A}.winphone_Release|Any CPU.ActiveCfg = Release|Any CPU
		{43E0AA6B-8DF3-429C-BD51-20314E47F61A}.winphone_Release|Any CPU.Build.0 = Release|Any CPU
		{43E0AA6B-8DF3-429C-BD51-20314E47F61A}.winphone_Release|Mixed Platforms.ActiveCfg = Release|Any CPU
		{43E0AA6B-8DF3-429C-BD51-20314E47F61A}.winphone_Release|Mixed Platforms.Build.0 = Release|Any CPU
		{43E0AA6B-8DF3-429C-BD51-20314E47F61A}.winphone_Release|x86.ActiveCfg = Release|Any CPU
		{1108AAC3-B62F-4298-8399-A6209A2A92CD}.Debug|Any CPU.ActiveCfg = Debug|Any CPU
		{1108AAC3-B62F-4298-8399-A6209A2A92CD}.Debug|Any CPU.Build.0 = Debug|Any CPU
		{1108AAC3-B62F-4298-8399-A6209A2A92CD}.Debug|Mixed Platforms.ActiveCfg = Debug|Any CPU
		{1108AAC3-B62F-4298-8399-A6209A2A92CD}.Debug|Mixed Platforms.Build.0 = Debug|Any CPU
		{1108AAC3-B62F-4298-8399-A6209A2A92CD}.Debug|x86.ActiveCfg = Debug|Any CPU
		{1108AAC3-B62F-4298-8399-A6209A2A92CD}.net_2_0_Debug|Any CPU.ActiveCfg = Debug|Any CPU
		{1108AAC3-B62F-4298-8399-A6209A2A92CD}.net_2_0_Debug|Any CPU.Build.0 = Debug|Any CPU
		{1108AAC3-B62F-4298-8399-A6209A2A92CD}.net_2_0_Debug|Mixed Platforms.ActiveCfg = Debug|Any CPU
		{1108AAC3-B62F-4298-8399-A6209A2A92CD}.net_2_0_Debug|Mixed Platforms.Build.0 = Debug|Any CPU
		{1108AAC3-B62F-4298-8399-A6209A2A92CD}.net_2_0_Debug|x86.ActiveCfg = Debug|Any CPU
		{1108AAC3-B62F-4298-8399-A6209A2A92CD}.net_2_0_Release|Any CPU.ActiveCfg = Release|Any CPU
		{1108AAC3-B62F-4298-8399-A6209A2A92CD}.net_2_0_Release|Any CPU.Build.0 = Release|Any CPU
		{1108AAC3-B62F-4298-8399-A6209A2A92CD}.net_2_0_Release|Mixed Platforms.ActiveCfg = Release|Any CPU
		{1108AAC3-B62F-4298-8399-A6209A2A92CD}.net_2_0_Release|Mixed Platforms.Build.0 = Release|Any CPU
		{1108AAC3-B62F-4298-8399-A6209A2A92CD}.net_2_0_Release|x86.ActiveCfg = Release|Any CPU
		{1108AAC3-B62F-4298-8399-A6209A2A92CD}.net_3_5_Debug|Any CPU.ActiveCfg = Debug|Any CPU
		{1108AAC3-B62F-4298-8399-A6209A2A92CD}.net_3_5_Debug|Any CPU.Build.0 = Debug|Any CPU
		{1108AAC3-B62F-4298-8399-A6209A2A92CD}.net_3_5_Debug|Mixed Platforms.ActiveCfg = Debug|Any CPU
		{1108AAC3-B62F-4298-8399-A6209A2A92CD}.net_3_5_Debug|Mixed Platforms.Build.0 = Debug|Any CPU
		{1108AAC3-B62F-4298-8399-A6209A2A92CD}.net_3_5_Debug|x86.ActiveCfg = Debug|Any CPU
		{1108AAC3-B62F-4298-8399-A6209A2A92CD}.net_3_5_Release|Any CPU.ActiveCfg = Release|Any CPU
		{1108AAC3-B62F-4298-8399-A6209A2A92CD}.net_3_5_Release|Any CPU.Build.0 = Release|Any CPU
		{1108AAC3-B62F-4298-8399-A6209A2A92CD}.net_3_5_Release|Mixed Platforms.ActiveCfg = Release|Any CPU
		{1108AAC3-B62F-4298-8399-A6209A2A92CD}.net_3_5_Release|Mixed Platforms.Build.0 = Release|Any CPU
		{1108AAC3-B62F-4298-8399-A6209A2A92CD}.net_3_5_Release|x86.ActiveCfg = Release|Any CPU
		{1108AAC3-B62F-4298-8399-A6209A2A92CD}.net_4_0_Debug|Any CPU.ActiveCfg = Debug|Any CPU
		{1108AAC3-B62F-4298-8399-A6209A2A92CD}.net_4_0_Debug|Any CPU.Build.0 = Debug|Any CPU
		{1108AAC3-B62F-4298-8399-A6209A2A92CD}.net_4_0_Debug|Mixed Platforms.ActiveCfg = Debug|Any CPU
		{1108AAC3-B62F-4298-8399-A6209A2A92CD}.net_4_0_Debug|Mixed Platforms.Build.0 = Debug|Any CPU
		{1108AAC3-B62F-4298-8399-A6209A2A92CD}.net_4_0_Debug|x86.ActiveCfg = Debug|Any CPU
		{1108AAC3-B62F-4298-8399-A6209A2A92CD}.net_4_0_Release|Any CPU.ActiveCfg = Release|Any CPU
		{1108AAC3-B62F-4298-8399-A6209A2A92CD}.net_4_0_Release|Any CPU.Build.0 = Release|Any CPU
		{1108AAC3-B62F-4298-8399-A6209A2A92CD}.net_4_0_Release|Mixed Platforms.ActiveCfg = Release|Any CPU
		{1108AAC3-B62F-4298-8399-A6209A2A92CD}.net_4_0_Release|Mixed Platforms.Build.0 = Release|Any CPU
		{1108AAC3-B62F-4298-8399-A6209A2A92CD}.net_4_0_Release|x86.ActiveCfg = Release|Any CPU
		{1108AAC3-B62F-4298-8399-A6209A2A92CD}.Portable|Any CPU.ActiveCfg = Portable|Any CPU
		{1108AAC3-B62F-4298-8399-A6209A2A92CD}.Portable|Any CPU.Build.0 = Portable|Any CPU
		{1108AAC3-B62F-4298-8399-A6209A2A92CD}.Portable|Mixed Platforms.ActiveCfg = Portable|Any CPU
		{1108AAC3-B62F-4298-8399-A6209A2A92CD}.Portable|x86.ActiveCfg = Portable|Any CPU
		{1108AAC3-B62F-4298-8399-A6209A2A92CD}.Release|Any CPU.ActiveCfg = Release|Any CPU
		{1108AAC3-B62F-4298-8399-A6209A2A92CD}.Release|Any CPU.Build.0 = Release|Any CPU
		{1108AAC3-B62F-4298-8399-A6209A2A92CD}.Release|Mixed Platforms.ActiveCfg = Release|Any CPU
		{1108AAC3-B62F-4298-8399-A6209A2A92CD}.Release|Mixed Platforms.Build.0 = Release|Any CPU
		{1108AAC3-B62F-4298-8399-A6209A2A92CD}.Release|x86.ActiveCfg = Release|Any CPU
		{1108AAC3-B62F-4298-8399-A6209A2A92CD}.silverlight_Debug|Any CPU.ActiveCfg = Debug|Any CPU
		{1108AAC3-B62F-4298-8399-A6209A2A92CD}.silverlight_Debug|Any CPU.Build.0 = Debug|Any CPU
		{1108AAC3-B62F-4298-8399-A6209A2A92CD}.silverlight_Debug|Mixed Platforms.ActiveCfg = Debug|Any CPU
		{1108AAC3-B62F-4298-8399-A6209A2A92CD}.silverlight_Debug|Mixed Platforms.Build.0 = Debug|Any CPU
		{1108AAC3-B62F-4298-8399-A6209A2A92CD}.silverlight_Debug|x86.ActiveCfg = Debug|Any CPU
		{1108AAC3-B62F-4298-8399-A6209A2A92CD}.silverlight_Release|Any CPU.ActiveCfg = Release|Any CPU
		{1108AAC3-B62F-4298-8399-A6209A2A92CD}.silverlight_Release|Any CPU.Build.0 = Release|Any CPU
		{1108AAC3-B62F-4298-8399-A6209A2A92CD}.silverlight_Release|Mixed Platforms.ActiveCfg = Release|Any CPU
		{1108AAC3-B62F-4298-8399-A6209A2A92CD}.silverlight_Release|Mixed Platforms.Build.0 = Release|Any CPU
		{1108AAC3-B62F-4298-8399-A6209A2A92CD}.silverlight_Release|x86.ActiveCfg = Release|Any CPU
		{1108AAC3-B62F-4298-8399-A6209A2A92CD}.Stats|Any CPU.ActiveCfg = Release|Any CPU
		{1108AAC3-B62F-4298-8399-A6209A2A92CD}.Stats|Any CPU.Build.0 = Release|Any CPU
		{1108AAC3-B62F-4298-8399-A6209A2A92CD}.Stats|Mixed Platforms.ActiveCfg = Release|Any CPU
		{1108AAC3-B62F-4298-8399-A6209A2A92CD}.Stats|Mixed Platforms.Build.0 = Release|Any CPU
		{1108AAC3-B62F-4298-8399-A6209A2A92CD}.Stats|x86.ActiveCfg = Release|Any CPU
		{1108AAC3-B62F-4298-8399-A6209A2A92CD}.winphone_Debug|Any CPU.ActiveCfg = Debug|Any CPU
		{1108AAC3-B62F-4298-8399-A6209A2A92CD}.winphone_Debug|Any CPU.Build.0 = Debug|Any CPU
		{1108AAC3-B62F-4298-8399-A6209A2A92CD}.winphone_Debug|Mixed Platforms.ActiveCfg = Debug|Any CPU
		{1108AAC3-B62F-4298-8399-A6209A2A92CD}.winphone_Debug|Mixed Platforms.Build.0 = Debug|Any CPU
		{1108AAC3-B62F-4298-8399-A6209A2A92CD}.winphone_Debug|x86.ActiveCfg = Debug|Any CPU
		{1108AAC3-B62F-4298-8399-A6209A2A92CD}.winphone_Release|Any CPU.ActiveCfg = Release|Any CPU
		{1108AAC3-B62F-4298-8399-A6209A2A92CD}.winphone_Release|Any CPU.Build.0 = Release|Any CPU
		{1108AAC3-B62F-4298-8399-A6209A2A92CD}.winphone_Release|Mixed Platforms.ActiveCfg = Release|Any CPU
		{1108AAC3-B62F-4298-8399-A6209A2A92CD}.winphone_Release|Mixed Platforms.Build.0 = Release|Any CPU
		{1108AAC3-B62F-4298-8399-A6209A2A92CD}.winphone_Release|x86.ActiveCfg = Release|Any CPU
		{411A9E0E-FDC6-4E25-828A-0C2CD1CD96F8}.Debug|Any CPU.ActiveCfg = Debug|Any CPU
		{411A9E0E-FDC6-4E25-828A-0C2CD1CD96F8}.Debug|Any CPU.Build.0 = Debug|Any CPU
		{411A9E0E-FDC6-4E25-828A-0C2CD1CD96F8}.Debug|Mixed Platforms.ActiveCfg = Debug|Any CPU
		{411A9E0E-FDC6-4E25-828A-0C2CD1CD96F8}.Debug|Mixed Platforms.Build.0 = Debug|Any CPU
		{411A9E0E-FDC6-4E25-828A-0C2CD1CD96F8}.Debug|x86.ActiveCfg = Debug|Any CPU
		{411A9E0E-FDC6-4E25-828A-0C2CD1CD96F8}.net_2_0_Debug|Any CPU.ActiveCfg = Debug|Any CPU
		{411A9E0E-FDC6-4E25-828A-0C2CD1CD96F8}.net_2_0_Debug|Any CPU.Build.0 = Debug|Any CPU
		{411A9E0E-FDC6-4E25-828A-0C2CD1CD96F8}.net_2_0_Debug|Mixed Platforms.ActiveCfg = Debug|Any CPU
		{411A9E0E-FDC6-4E25-828A-0C2CD1CD96F8}.net_2_0_Debug|Mixed Platforms.Build.0 = Debug|Any CPU
		{411A9E0E-FDC6-4E25-828A-0C2CD1CD96F8}.net_2_0_Debug|x86.ActiveCfg = Debug|Any CPU
		{411A9E0E-FDC6-4E25-828A-0C2CD1CD96F8}.net_2_0_Release|Any CPU.ActiveCfg = Release|Any CPU
		{411A9E0E-FDC6-4E25-828A-0C2CD1CD96F8}.net_2_0_Release|Any CPU.Build.0 = Release|Any CPU
		{411A9E0E-FDC6-4E25-828A-0C2CD1CD96F8}.net_2_0_Release|Mixed Platforms.ActiveCfg = Release|Any CPU
		{411A9E0E-FDC6-4E25-828A-0C2CD1CD96F8}.net_2_0_Release|Mixed Platforms.Build.0 = Release|Any CPU
		{411A9E0E-FDC6-4E25-828A-0C2CD1CD96F8}.net_2_0_Release|x86.ActiveCfg = Release|Any CPU
		{411A9E0E-FDC6-4E25-828A-0C2CD1CD96F8}.net_3_5_Debug|Any CPU.ActiveCfg = Debug|Any CPU
		{411A9E0E-FDC6-4E25-828A-0C2CD1CD96F8}.net_3_5_Debug|Any CPU.Build.0 = Debug|Any CPU
		{411A9E0E-FDC6-4E25-828A-0C2CD1CD96F8}.net_3_5_Debug|Mixed Platforms.ActiveCfg = Debug|Any CPU
		{411A9E0E-FDC6-4E25-828A-0C2CD1CD96F8}.net_3_5_Debug|Mixed Platforms.Build.0 = Debug|Any CPU
		{411A9E0E-FDC6-4E25-828A-0C2CD1CD96F8}.net_3_5_Debug|x86.ActiveCfg = Debug|Any CPU
		{411A9E0E-FDC6-4E25-828A-0C2CD1CD96F8}.net_3_5_Release|Any CPU.ActiveCfg = Release|Any CPU
		{411A9E0E-FDC6-4E25-828A-0C2CD1CD96F8}.net_3_5_Release|Any CPU.Build.0 = Release|Any CPU
		{411A9E0E-FDC6-4E25-828A-0C2CD1CD96F8}.net_3_5_Release|Mixed Platforms.ActiveCfg = Release|Any CPU
		{411A9E0E-FDC6-4E25-828A-0C2CD1CD96F8}.net_3_5_Release|Mixed Platforms.Build.0 = Release|Any CPU
		{411A9E0E-FDC6-4E25-828A-0C2CD1CD96F8}.net_3_5_Release|x86.ActiveCfg = Release|Any CPU
		{411A9E0E-FDC6-4E25-828A-0C2CD1CD96F8}.net_4_0_Debug|Any CPU.ActiveCfg = Debug|Any CPU
		{411A9E0E-FDC6-4E25-828A-0C2CD1CD96F8}.net_4_0_Debug|Any CPU.Build.0 = Debug|Any CPU
		{411A9E0E-FDC6-4E25-828A-0C2CD1CD96F8}.net_4_0_Debug|Mixed Platforms.ActiveCfg = Debug|Any CPU
		{411A9E0E-FDC6-4E25-828A-0C2CD1CD96F8}.net_4_0_Debug|Mixed Platforms.Build.0 = Debug|Any CPU
		{411A9E0E-FDC6-4E25-828A-0C2CD1CD96F8}.net_4_0_Debug|x86.ActiveCfg = Debug|Any CPU
		{411A9E0E-FDC6-4E25-828A-0C2CD1CD96F8}.net_4_0_Release|Any CPU.ActiveCfg = Release|Any CPU
		{411A9E0E-FDC6-4E25-828A-0C2CD1CD96F8}.net_4_0_Release|Any CPU.Build.0 = Release|Any CPU
		{411A9E0E-FDC6-4E25-828A-0C2CD1CD96F8}.net_4_0_Release|Mixed Platforms.ActiveCfg = Release|Any CPU
		{411A9E0E-FDC6-4E25-828A-0C2CD1CD96F8}.net_4_0_Release|Mixed Platforms.Build.0 = Release|Any CPU
		{411A9E0E-FDC6-4E25-828A-0C2CD1CD96F8}.net_4_0_Release|x86.ActiveCfg = Release|Any CPU
		{411A9E0E-FDC6-4E25-828A-0C2CD1CD96F8}.Portable|Any CPU.ActiveCfg = Stats|Any CPU
		{411A9E0E-FDC6-4E25-828A-0C2CD1CD96F8}.Portable|Any CPU.Build.0 = Stats|Any CPU
		{411A9E0E-FDC6-4E25-828A-0C2CD1CD96F8}.Portable|Mixed Platforms.ActiveCfg = Stats|Any CPU
		{411A9E0E-FDC6-4E25-828A-0C2CD1CD96F8}.Portable|Mixed Platforms.Build.0 = Stats|Any CPU
		{411A9E0E-FDC6-4E25-828A-0C2CD1CD96F8}.Portable|x86.ActiveCfg = Stats|Any CPU
		{411A9E0E-FDC6-4E25-828A-0C2CD1CD96F8}.Release|Any CPU.ActiveCfg = Release|Any CPU
		{411A9E0E-FDC6-4E25-828A-0C2CD1CD96F8}.Release|Any CPU.Build.0 = Release|Any CPU
		{411A9E0E-FDC6-4E25-828A-0C2CD1CD96F8}.Release|Mixed Platforms.ActiveCfg = Release|Any CPU
		{411A9E0E-FDC6-4E25-828A-0C2CD1CD96F8}.Release|Mixed Platforms.Build.0 = Release|Any CPU
		{411A9E0E-FDC6-4E25-828A-0C2CD1CD96F8}.Release|x86.ActiveCfg = Release|Any CPU
		{411A9E0E-FDC6-4E25-828A-0C2CD1CD96F8}.silverlight_Debug|Any CPU.ActiveCfg = Debug|Any CPU
		{411A9E0E-FDC6-4E25-828A-0C2CD1CD96F8}.silverlight_Debug|Any CPU.Build.0 = Debug|Any CPU
		{411A9E0E-FDC6-4E25-828A-0C2CD1CD96F8}.silverlight_Debug|Mixed Platforms.ActiveCfg = Debug|Any CPU
		{411A9E0E-FDC6-4E25-828A-0C2CD1CD96F8}.silverlight_Debug|Mixed Platforms.Build.0 = Debug|Any CPU
		{411A9E0E-FDC6-4E25-828A-0C2CD1CD96F8}.silverlight_Debug|x86.ActiveCfg = Debug|Any CPU
		{411A9E0E-FDC6-4E25-828A-0C2CD1CD96F8}.silverlight_Release|Any CPU.ActiveCfg = Release|Any CPU
		{411A9E0E-FDC6-4E25-828A-0C2CD1CD96F8}.silverlight_Release|Any CPU.Build.0 = Release|Any CPU
		{411A9E0E-FDC6-4E25-828A-0C2CD1CD96F8}.silverlight_Release|Mixed Platforms.ActiveCfg = Release|Any CPU
		{411A9E0E-FDC6-4E25-828A-0C2CD1CD96F8}.silverlight_Release|Mixed Platforms.Build.0 = Release|Any CPU
		{411A9E0E-FDC6-4E25-828A-0C2CD1CD96F8}.silverlight_Release|x86.ActiveCfg = Release|Any CPU
		{411A9E0E-FDC6-4E25-828A-0C2CD1CD96F8}.Stats|Any CPU.ActiveCfg = Stats|Any CPU
		{411A9E0E-FDC6-4E25-828A-0C2CD1CD96F8}.Stats|Any CPU.Build.0 = Stats|Any CPU
		{411A9E0E-FDC6-4E25-828A-0C2CD1CD96F8}.Stats|Mixed Platforms.ActiveCfg = Stats|Any CPU
		{411A9E0E-FDC6-4E25-828A-0C2CD1CD96F8}.Stats|Mixed Platforms.Build.0 = Stats|Any CPU
		{411A9E0E-FDC6-4E25-828A-0C2CD1CD96F8}.Stats|x86.ActiveCfg = Stats|Any CPU
		{411A9E0E-FDC6-4E25-828A-0C2CD1CD96F8}.winphone_Debug|Any CPU.ActiveCfg = Debug|Any CPU
		{411A9E0E-FDC6-4E25-828A-0C2CD1CD96F8}.winphone_Debug|Any CPU.Build.0 = Debug|Any CPU
		{411A9E0E-FDC6-4E25-828A-0C2CD1CD96F8}.winphone_Debug|Mixed Platforms.ActiveCfg = Debug|Any CPU
		{411A9E0E-FDC6-4E25-828A-0C2CD1CD96F8}.winphone_Debug|Mixed Platforms.Build.0 = Debug|Any CPU
		{411A9E0E-FDC6-4E25-828A-0C2CD1CD96F8}.winphone_Debug|x86.ActiveCfg = Debug|Any CPU
		{411A9E0E-FDC6-4E25-828A-0C2CD1CD96F8}.winphone_Release|Any CPU.ActiveCfg = Release|Any CPU
		{411A9E0E-FDC6-4E25-828A-0C2CD1CD96F8}.winphone_Release|Any CPU.Build.0 = Release|Any CPU
		{411A9E0E-FDC6-4E25-828A-0C2CD1CD96F8}.winphone_Release|Mixed Platforms.ActiveCfg = Release|Any CPU
		{411A9E0E-FDC6-4E25-828A-0C2CD1CD96F8}.winphone_Release|Mixed Platforms.Build.0 = Release|Any CPU
		{411A9E0E-FDC6-4E25-828A-0C2CD1CD96F8}.winphone_Release|x86.ActiveCfg = Release|Any CPU
		{7A2A7E73-FD43-4171-AA34-DA413D35459E}.Debug|Any CPU.ActiveCfg = Debug|Any CPU
		{7A2A7E73-FD43-4171-AA34-DA413D35459E}.Debug|Any CPU.Build.0 = Debug|Any CPU
		{7A2A7E73-FD43-4171-AA34-DA413D35459E}.Debug|Mixed Platforms.ActiveCfg = Debug|Any CPU
		{7A2A7E73-FD43-4171-AA34-DA413D35459E}.Debug|Mixed Platforms.Build.0 = Debug|Any CPU
		{7A2A7E73-FD43-4171-AA34-DA413D35459E}.Debug|x86.ActiveCfg = Debug|Any CPU
		{7A2A7E73-FD43-4171-AA34-DA413D35459E}.net_2_0_Debug|Any CPU.ActiveCfg = Debug|Any CPU
		{7A2A7E73-FD43-4171-AA34-DA413D35459E}.net_2_0_Debug|Any CPU.Build.0 = Debug|Any CPU
		{7A2A7E73-FD43-4171-AA34-DA413D35459E}.net_2_0_Debug|Mixed Platforms.ActiveCfg = Debug|Any CPU
		{7A2A7E73-FD43-4171-AA34-DA413D35459E}.net_2_0_Debug|Mixed Platforms.Build.0 = Debug|Any CPU
		{7A2A7E73-FD43-4171-AA34-DA413D35459E}.net_2_0_Debug|x86.ActiveCfg = Debug|Any CPU
		{7A2A7E73-FD43-4171-AA34-DA413D35459E}.net_2_0_Release|Any CPU.ActiveCfg = Release|Any CPU
		{7A2A7E73-FD43-4171-AA34-DA413D35459E}.net_2_0_Release|Any CPU.Build.0 = Release|Any CPU
		{7A2A7E73-FD43-4171-AA34-DA413D35459E}.net_2_0_Release|Mixed Platforms.ActiveCfg = Release|Any CPU
		{7A2A7E73-FD43-4171-AA34-DA413D35459E}.net_2_0_Release|Mixed Platforms.Build.0 = Release|Any CPU
		{7A2A7E73-FD43-4171-AA34-DA413D35459E}.net_2_0_Release|x86.ActiveCfg = Release|Any CPU
		{7A2A7E73-FD43-4171-AA34-DA413D35459E}.net_3_5_Debug|Any CPU.ActiveCfg = Debug|Any CPU
		{7A2A7E73-FD43-4171-AA34-DA413D35459E}.net_3_5_Debug|Any CPU.Build.0 = Debug|Any CPU
		{7A2A7E73-FD43-4171-AA34-DA413D35459E}.net_3_5_Debug|Mixed Platforms.ActiveCfg = Debug|Any CPU
		{7A2A7E73-FD43-4171-AA34-DA413D35459E}.net_3_5_Debug|Mixed Platforms.Build.0 = Debug|Any CPU
		{7A2A7E73-FD43-4171-AA34-DA413D35459E}.net_3_5_Debug|x86.ActiveCfg = Debug|Any CPU
		{7A2A7E73-FD43-4171-AA34-DA413D35459E}.net_3_5_Release|Any CPU.ActiveCfg = Release|Any CPU
		{7A2A7E73-FD43-4171-AA34-DA413D35459E}.net_3_5_Release|Any CPU.Build.0 = Release|Any CPU
		{7A2A7E73-FD43-4171-AA34-DA413D35459E}.net_3_5_Release|Mixed Platforms.ActiveCfg = Release|Any CPU
		{7A2A7E73-FD43-4171-AA34-DA413D35459E}.net_3_5_Release|Mixed Platforms.Build.0 = Release|Any CPU
		{7A2A7E73-FD43-4171-AA34-DA413D35459E}.net_3_5_Release|x86.ActiveCfg = Release|Any CPU
		{7A2A7E73-FD43-4171-AA34-DA413D35459E}.net_4_0_Debug|Any CPU.ActiveCfg = Debug|Any CPU
		{7A2A7E73-FD43-4171-AA34-DA413D35459E}.net_4_0_Debug|Any CPU.Build.0 = Debug|Any CPU
		{7A2A7E73-FD43-4171-AA34-DA413D35459E}.net_4_0_Debug|Mixed Platforms.ActiveCfg = Debug|Any CPU
		{7A2A7E73-FD43-4171-AA34-DA413D35459E}.net_4_0_Debug|Mixed Platforms.Build.0 = Debug|Any CPU
		{7A2A7E73-FD43-4171-AA34-DA413D35459E}.net_4_0_Debug|x86.ActiveCfg = Debug|Any CPU
		{7A2A7E73-FD43-4171-AA34-DA413D35459E}.net_4_0_Release|Any CPU.ActiveCfg = Release|Any CPU
		{7A2A7E73-FD43-4171-AA34-DA413D35459E}.net_4_0_Release|Any CPU.Build.0 = Release|Any CPU
		{7A2A7E73-FD43-4171-AA34-DA413D35459E}.net_4_0_Release|Mixed Platforms.ActiveCfg = Release|Any CPU
		{7A2A7E73-FD43-4171-AA34-DA413D35459E}.net_4_0_Release|Mixed Platforms.Build.0 = Release|Any CPU
		{7A2A7E73-FD43-4171-AA34-DA413D35459E}.net_4_0_Release|x86.ActiveCfg = Release|Any CPU
		{7A2A7E73-FD43-4171-AA34-DA413D35459E}.Portable|Any CPU.ActiveCfg = Release|Any CPU
		{7A2A7E73-FD43-4171-AA34-DA413D35459E}.Portable|Any CPU.Build.0 = Release|Any CPU
		{7A2A7E73-FD43-4171-AA34-DA413D35459E}.Portable|Mixed Platforms.ActiveCfg = Release|Any CPU
		{7A2A7E73-FD43-4171-AA34-DA413D35459E}.Portable|Mixed Platforms.Build.0 = Release|Any CPU
		{7A2A7E73-FD43-4171-AA34-DA413D35459E}.Portable|x86.ActiveCfg = Release|Any CPU
		{7A2A7E73-FD43-4171-AA34-DA413D35459E}.Release|Any CPU.ActiveCfg = Release|Any CPU
		{7A2A7E73-FD43-4171-AA34-DA413D35459E}.Release|Any CPU.Build.0 = Release|Any CPU
		{7A2A7E73-FD43-4171-AA34-DA413D35459E}.Release|Mixed Platforms.ActiveCfg = Release|Any CPU
		{7A2A7E73-FD43-4171-AA34-DA413D35459E}.Release|Mixed Platforms.Build.0 = Release|Any CPU
		{7A2A7E73-FD43-4171-AA34-DA413D35459E}.Release|x86.ActiveCfg = Release|Any CPU
		{7A2A7E73-FD43-4171-AA34-DA413D35459E}.silverlight_Debug|Any CPU.ActiveCfg = Debug|Any CPU
		{7A2A7E73-FD43-4171-AA34-DA413D35459E}.silverlight_Debug|Any CPU.Build.0 = Debug|Any CPU
		{7A2A7E73-FD43-4171-AA34-DA413D35459E}.silverlight_Debug|Mixed Platforms.ActiveCfg = Debug|Any CPU
		{7A2A7E73-FD43-4171-AA34-DA413D35459E}.silverlight_Debug|Mixed Platforms.Build.0 = Debug|Any CPU
		{7A2A7E73-FD43-4171-AA34-DA413D35459E}.silverlight_Debug|x86.ActiveCfg = Debug|Any CPU
		{7A2A7E73-FD43-4171-AA34-DA413D35459E}.silverlight_Release|Any CPU.ActiveCfg = Release|Any CPU
		{7A2A7E73-FD43-4171-AA34-DA413D35459E}.silverlight_Release|Any CPU.Build.0 = Release|Any CPU
		{7A2A7E73-FD43-4171-AA34-DA413D35459E}.silverlight_Release|Mixed Platforms.ActiveCfg = Release|Any CPU
		{7A2A7E73-FD43-4171-AA34-DA413D35459E}.silverlight_Release|Mixed Platforms.Build.0 = Release|Any CPU
		{7A2A7E73-FD43-4171-AA34-DA413D35459E}.silverlight_Release|x86.ActiveCfg = Release|Any CPU
		{7A2A7E73-FD43-4171-AA34-DA413D35459E}.Stats|Any CPU.ActiveCfg = Release|Any CPU
		{7A2A7E73-FD43-4171-AA34-DA413D35459E}.Stats|Any CPU.Build.0 = Release|Any CPU
		{7A2A7E73-FD43-4171-AA34-DA413D35459E}.Stats|Mixed Platforms.ActiveCfg = Release|Any CPU
		{7A2A7E73-FD43-4171-AA34-DA413D35459E}.Stats|Mixed Platforms.Build.0 = Release|Any CPU
		{7A2A7E73-FD43-4171-AA34-DA413D35459E}.Stats|x86.ActiveCfg = Release|Any CPU
		{7A2A7E73-FD43-4171-AA34-DA413D35459E}.winphone_Debug|Any CPU.ActiveCfg = Debug|Any CPU
		{7A2A7E73-FD43-4171-AA34-DA413D35459E}.winphone_Debug|Any CPU.Build.0 = Debug|Any CPU
		{7A2A7E73-FD43-4171-AA34-DA413D35459E}.winphone_Debug|Mixed Platforms.ActiveCfg = Debug|Any CPU
		{7A2A7E73-FD43-4171-AA34-DA413D35459E}.winphone_Debug|Mixed Platforms.Build.0 = Debug|Any CPU
		{7A2A7E73-FD43-4171-AA34-DA413D35459E}.winphone_Debug|x86.ActiveCfg = Debug|Any CPU
		{7A2A7E73-FD43-4171-AA34-DA413D35459E}.winphone_Release|Any CPU.ActiveCfg = Release|Any CPU
		{7A2A7E73-FD43-4171-AA34-DA413D35459E}.winphone_Release|Any CPU.Build.0 = Release|Any CPU
		{7A2A7E73-FD43-4171-AA34-DA413D35459E}.winphone_Release|Mixed Platforms.ActiveCfg = Release|Any CPU
		{7A2A7E73-FD43-4171-AA34-DA413D35459E}.winphone_Release|Mixed Platforms.Build.0 = Release|Any CPU
		{7A2A7E73-FD43-4171-AA34-DA413D35459E}.winphone_Release|x86.ActiveCfg = Release|Any CPU
		{D68133BD-1E63-496E-9EDE-4FBDBF77B486}.Debug|Any CPU.ActiveCfg = net_4_0_Debug|Any CPU
		{D68133BD-1E63-496E-9EDE-4FBDBF77B486}.Debug|Any CPU.Build.0 = net_4_0_Debug|Any CPU
		{D68133BD-1E63-496E-9EDE-4FBDBF77B486}.Debug|Mixed Platforms.ActiveCfg = winphone_Release|Any CPU
		{D68133BD-1E63-496E-9EDE-4FBDBF77B486}.Debug|Mixed Platforms.Build.0 = winphone_Release|Any CPU
		{D68133BD-1E63-496E-9EDE-4FBDBF77B486}.Debug|x86.ActiveCfg = winphone_Release|Any CPU
		{D68133BD-1E63-496E-9EDE-4FBDBF77B486}.net_2_0_Debug|Any CPU.ActiveCfg = net_2_0_Debug|Any CPU
		{D68133BD-1E63-496E-9EDE-4FBDBF77B486}.net_2_0_Debug|Any CPU.Build.0 = net_2_0_Debug|Any CPU
		{D68133BD-1E63-496E-9EDE-4FBDBF77B486}.net_2_0_Debug|Mixed Platforms.ActiveCfg = net_2_0_Debug|Any CPU
		{D68133BD-1E63-496E-9EDE-4FBDBF77B486}.net_2_0_Debug|Mixed Platforms.Build.0 = net_2_0_Debug|Any CPU
		{D68133BD-1E63-496E-9EDE-4FBDBF77B486}.net_2_0_Debug|x86.ActiveCfg = net_2_0_Debug|Any CPU
		{D68133BD-1E63-496E-9EDE-4FBDBF77B486}.net_2_0_Release|Any CPU.ActiveCfg = net_2_0_Release|Any CPU
		{D68133BD-1E63-496E-9EDE-4FBDBF77B486}.net_2_0_Release|Any CPU.Build.0 = net_2_0_Release|Any CPU
		{D68133BD-1E63-496E-9EDE-4FBDBF77B486}.net_2_0_Release|Mixed Platforms.ActiveCfg = net_2_0_Release|Any CPU
		{D68133BD-1E63-496E-9EDE-4FBDBF77B486}.net_2_0_Release|Mixed Platforms.Build.0 = net_2_0_Release|Any CPU
		{D68133BD-1E63-496E-9EDE-4FBDBF77B486}.net_2_0_Release|x86.ActiveCfg = net_2_0_Release|Any CPU
		{D68133BD-1E63-496E-9EDE-4FBDBF77B486}.net_3_5_Debug|Any CPU.ActiveCfg = net_3_5_Debug|Any CPU
		{D68133BD-1E63-496E-9EDE-4FBDBF77B486}.net_3_5_Debug|Any CPU.Build.0 = net_3_5_Debug|Any CPU
		{D68133BD-1E63-496E-9EDE-4FBDBF77B486}.net_3_5_Debug|Mixed Platforms.ActiveCfg = net_3_5_Debug|Any CPU
		{D68133BD-1E63-496E-9EDE-4FBDBF77B486}.net_3_5_Debug|Mixed Platforms.Build.0 = net_3_5_Debug|Any CPU
		{D68133BD-1E63-496E-9EDE-4FBDBF77B486}.net_3_5_Debug|x86.ActiveCfg = net_3_5_Debug|Any CPU
		{D68133BD-1E63-496E-9EDE-4FBDBF77B486}.net_3_5_Release|Any CPU.ActiveCfg = net_3_5_Release|Any CPU
		{D68133BD-1E63-496E-9EDE-4FBDBF77B486}.net_3_5_Release|Any CPU.Build.0 = net_3_5_Release|Any CPU
		{D68133BD-1E63-496E-9EDE-4FBDBF77B486}.net_3_5_Release|Mixed Platforms.ActiveCfg = net_3_5_Release|Any CPU
		{D68133BD-1E63-496E-9EDE-4FBDBF77B486}.net_3_5_Release|Mixed Platforms.Build.0 = net_3_5_Release|Any CPU
		{D68133BD-1E63-496E-9EDE-4FBDBF77B486}.net_3_5_Release|x86.ActiveCfg = net_3_5_Release|Any CPU
		{D68133BD-1E63-496E-9EDE-4FBDBF77B486}.net_4_0_Debug|Any CPU.ActiveCfg = net_4_0_Debug|Any CPU
		{D68133BD-1E63-496E-9EDE-4FBDBF77B486}.net_4_0_Debug|Any CPU.Build.0 = net_4_0_Debug|Any CPU
		{D68133BD-1E63-496E-9EDE-4FBDBF77B486}.net_4_0_Debug|Mixed Platforms.ActiveCfg = net_4_0_Debug|Any CPU
		{D68133BD-1E63-496E-9EDE-4FBDBF77B486}.net_4_0_Debug|Mixed Platforms.Build.0 = net_4_0_Debug|Any CPU
		{D68133BD-1E63-496E-9EDE-4FBDBF77B486}.net_4_0_Debug|x86.ActiveCfg = net_4_0_Debug|Any CPU
		{D68133BD-1E63-496E-9EDE-4FBDBF77B486}.net_4_0_Release|Any CPU.ActiveCfg = net_4_0_Release|Any CPU
		{D68133BD-1E63-496E-9EDE-4FBDBF77B486}.net_4_0_Release|Any CPU.Build.0 = net_4_0_Release|Any CPU
		{D68133BD-1E63-496E-9EDE-4FBDBF77B486}.net_4_0_Release|Mixed Platforms.ActiveCfg = net_4_0_Release|Any CPU
		{D68133BD-1E63-496E-9EDE-4FBDBF77B486}.net_4_0_Release|Mixed Platforms.Build.0 = net_4_0_Release|Any CPU
		{D68133BD-1E63-496E-9EDE-4FBDBF77B486}.net_4_0_Release|x86.ActiveCfg = net_4_0_Release|Any CPU
		{D68133BD-1E63-496E-9EDE-4FBDBF77B486}.Portable|Any CPU.ActiveCfg = silverlight_Release|Any CPU
		{D68133BD-1E63-496E-9EDE-4FBDBF77B486}.Portable|Any CPU.Build.0 = silverlight_Release|Any CPU
		{D68133BD-1E63-496E-9EDE-4FBDBF77B486}.Portable|Mixed Platforms.ActiveCfg = silverlight_Release|Any CPU
		{D68133BD-1E63-496E-9EDE-4FBDBF77B486}.Portable|Mixed Platforms.Build.0 = silverlight_Release|Any CPU
		{D68133BD-1E63-496E-9EDE-4FBDBF77B486}.Portable|x86.ActiveCfg = silverlight_Release|Any CPU
		{D68133BD-1E63-496E-9EDE-4FBDBF77B486}.Release|Any CPU.ActiveCfg = net_4_0_Release|Any CPU
		{D68133BD-1E63-496E-9EDE-4FBDBF77B486}.Release|Any CPU.Build.0 = net_4_0_Release|Any CPU
		{D68133BD-1E63-496E-9EDE-4FBDBF77B486}.Release|Mixed Platforms.ActiveCfg = winphone_Release|Any CPU
		{D68133BD-1E63-496E-9EDE-4FBDBF77B486}.Release|Mixed Platforms.Build.0 = winphone_Release|Any CPU
		{D68133BD-1E63-496E-9EDE-4FBDBF77B486}.Release|x86.ActiveCfg = winphone_Release|Any CPU
		{D68133BD-1E63-496E-9EDE-4FBDBF77B486}.silverlight_Debug|Any CPU.ActiveCfg = silverlight_Debug|Any CPU
		{D68133BD-1E63-496E-9EDE-4FBDBF77B486}.silverlight_Debug|Any CPU.Build.0 = silverlight_Debug|Any CPU
		{D68133BD-1E63-496E-9EDE-4FBDBF77B486}.silverlight_Debug|Mixed Platforms.ActiveCfg = silverlight_Debug|Any CPU
		{D68133BD-1E63-496E-9EDE-4FBDBF77B486}.silverlight_Debug|Mixed Platforms.Build.0 = silverlight_Debug|Any CPU
		{D68133BD-1E63-496E-9EDE-4FBDBF77B486}.silverlight_Debug|x86.ActiveCfg = silverlight_Debug|Any CPU
		{D68133BD-1E63-496E-9EDE-4FBDBF77B486}.silverlight_Release|Any CPU.ActiveCfg = silverlight_Release|Any CPU
		{D68133BD-1E63-496E-9EDE-4FBDBF77B486}.silverlight_Release|Any CPU.Build.0 = silverlight_Release|Any CPU
		{D68133BD-1E63-496E-9EDE-4FBDBF77B486}.silverlight_Release|Mixed Platforms.ActiveCfg = silverlight_Release|Any CPU
		{D68133BD-1E63-496E-9EDE-4FBDBF77B486}.silverlight_Release|Mixed Platforms.Build.0 = silverlight_Release|Any CPU
		{D68133BD-1E63-496E-9EDE-4FBDBF77B486}.silverlight_Release|x86.ActiveCfg = silverlight_Release|Any CPU
		{D68133BD-1E63-496E-9EDE-4FBDBF77B486}.Stats|Any CPU.ActiveCfg = silverlight_Release|Any CPU
		{D68133BD-1E63-496E-9EDE-4FBDBF77B486}.Stats|Any CPU.Build.0 = silverlight_Release|Any CPU
		{D68133BD-1E63-496E-9EDE-4FBDBF77B486}.Stats|Mixed Platforms.ActiveCfg = silverlight_Release|Any CPU
		{D68133BD-1E63-496E-9EDE-4FBDBF77B486}.Stats|Mixed Platforms.Build.0 = silverlight_Release|Any CPU
		{D68133BD-1E63-496E-9EDE-4FBDBF77B486}.Stats|x86.ActiveCfg = silverlight_Release|Any CPU
		{D68133BD-1E63-496E-9EDE-4FBDBF77B486}.winphone_Debug|Any CPU.ActiveCfg = winphone_Debug|Any CPU
		{D68133BD-1E63-496E-9EDE-4FBDBF77B486}.winphone_Debug|Any CPU.Build.0 = winphone_Debug|Any CPU
		{D68133BD-1E63-496E-9EDE-4FBDBF77B486}.winphone_Debug|Mixed Platforms.ActiveCfg = winphone_Debug|Any CPU
		{D68133BD-1E63-496E-9EDE-4FBDBF77B486}.winphone_Debug|Mixed Platforms.Build.0 = winphone_Debug|Any CPU
		{D68133BD-1E63-496E-9EDE-4FBDBF77B486}.winphone_Debug|x86.ActiveCfg = winphone_Debug|Any CPU
		{D68133BD-1E63-496E-9EDE-4FBDBF77B486}.winphone_Release|Any CPU.ActiveCfg = winphone_Release|Any CPU
		{D68133BD-1E63-496E-9EDE-4FBDBF77B486}.winphone_Release|Any CPU.Build.0 = winphone_Release|Any CPU
		{D68133BD-1E63-496E-9EDE-4FBDBF77B486}.winphone_Release|Mixed Platforms.ActiveCfg = winphone_Release|Any CPU
		{D68133BD-1E63-496E-9EDE-4FBDBF77B486}.winphone_Release|Mixed Platforms.Build.0 = winphone_Release|Any CPU
		{D68133BD-1E63-496E-9EDE-4FBDBF77B486}.winphone_Release|x86.ActiveCfg = winphone_Release|Any CPU
		{9D205384-A70C-4FF1-A962-7853CFE8FACB}.Debug|Any CPU.ActiveCfg = Debug|x86
		{9D205384-A70C-4FF1-A962-7853CFE8FACB}.Debug|Mixed Platforms.ActiveCfg = Debug|x86
		{9D205384-A70C-4FF1-A962-7853CFE8FACB}.Debug|Mixed Platforms.Build.0 = Debug|x86
		{9D205384-A70C-4FF1-A962-7853CFE8FACB}.Debug|x86.ActiveCfg = Debug|x86
		{9D205384-A70C-4FF1-A962-7853CFE8FACB}.Debug|x86.Build.0 = Debug|x86
		{9D205384-A70C-4FF1-A962-7853CFE8FACB}.net_2_0_Debug|Any CPU.ActiveCfg = Debug|x86
		{9D205384-A70C-4FF1-A962-7853CFE8FACB}.net_2_0_Debug|Mixed Platforms.ActiveCfg = Debug|x86
		{9D205384-A70C-4FF1-A962-7853CFE8FACB}.net_2_0_Debug|Mixed Platforms.Build.0 = Debug|x86
		{9D205384-A70C-4FF1-A962-7853CFE8FACB}.net_2_0_Debug|x86.ActiveCfg = Debug|x86
		{9D205384-A70C-4FF1-A962-7853CFE8FACB}.net_2_0_Debug|x86.Build.0 = Debug|x86
		{9D205384-A70C-4FF1-A962-7853CFE8FACB}.net_2_0_Release|Any CPU.ActiveCfg = Release|x86
		{9D205384-A70C-4FF1-A962-7853CFE8FACB}.net_2_0_Release|Mixed Platforms.ActiveCfg = Release|x86
		{9D205384-A70C-4FF1-A962-7853CFE8FACB}.net_2_0_Release|Mixed Platforms.Build.0 = Release|x86
		{9D205384-A70C-4FF1-A962-7853CFE8FACB}.net_2_0_Release|x86.ActiveCfg = Release|x86
		{9D205384-A70C-4FF1-A962-7853CFE8FACB}.net_2_0_Release|x86.Build.0 = Release|x86
		{9D205384-A70C-4FF1-A962-7853CFE8FACB}.net_3_5_Debug|Any CPU.ActiveCfg = Debug|x86
		{9D205384-A70C-4FF1-A962-7853CFE8FACB}.net_3_5_Debug|Mixed Platforms.ActiveCfg = Debug|x86
		{9D205384-A70C-4FF1-A962-7853CFE8FACB}.net_3_5_Debug|Mixed Platforms.Build.0 = Debug|x86
		{9D205384-A70C-4FF1-A962-7853CFE8FACB}.net_3_5_Debug|x86.ActiveCfg = Debug|x86
		{9D205384-A70C-4FF1-A962-7853CFE8FACB}.net_3_5_Debug|x86.Build.0 = Debug|x86
		{9D205384-A70C-4FF1-A962-7853CFE8FACB}.net_3_5_Release|Any CPU.ActiveCfg = Release|x86
		{9D205384-A70C-4FF1-A962-7853CFE8FACB}.net_3_5_Release|Mixed Platforms.ActiveCfg = Release|x86
		{9D205384-A70C-4FF1-A962-7853CFE8FACB}.net_3_5_Release|Mixed Platforms.Build.0 = Release|x86
		{9D205384-A70C-4FF1-A962-7853CFE8FACB}.net_3_5_Release|x86.ActiveCfg = Release|x86
		{9D205384-A70C-4FF1-A962-7853CFE8FACB}.net_3_5_Release|x86.Build.0 = Release|x86
		{9D205384-A70C-4FF1-A962-7853CFE8FACB}.net_4_0_Debug|Any CPU.ActiveCfg = Debug|x86
		{9D205384-A70C-4FF1-A962-7853CFE8FACB}.net_4_0_Debug|Mixed Platforms.ActiveCfg = Debug|x86
		{9D205384-A70C-4FF1-A962-7853CFE8FACB}.net_4_0_Debug|Mixed Platforms.Build.0 = Debug|x86
		{9D205384-A70C-4FF1-A962-7853CFE8FACB}.net_4_0_Debug|x86.ActiveCfg = Debug|x86
		{9D205384-A70C-4FF1-A962-7853CFE8FACB}.net_4_0_Debug|x86.Build.0 = Debug|x86
		{9D205384-A70C-4FF1-A962-7853CFE8FACB}.net_4_0_Release|Any CPU.ActiveCfg = Release|x86
		{9D205384-A70C-4FF1-A962-7853CFE8FACB}.net_4_0_Release|Mixed Platforms.ActiveCfg = Release|x86
		{9D205384-A70C-4FF1-A962-7853CFE8FACB}.net_4_0_Release|Mixed Platforms.Build.0 = Release|x86
		{9D205384-A70C-4FF1-A962-7853CFE8FACB}.net_4_0_Release|x86.ActiveCfg = Release|x86
		{9D205384-A70C-4FF1-A962-7853CFE8FACB}.net_4_0_Release|x86.Build.0 = Release|x86
		{9D205384-A70C-4FF1-A962-7853CFE8FACB}.Portable|Any CPU.ActiveCfg = Portable|x86
		{9D205384-A70C-4FF1-A962-7853CFE8FACB}.Portable|Mixed Platforms.ActiveCfg = Portable|x86
		{9D205384-A70C-4FF1-A962-7853CFE8FACB}.Portable|x86.ActiveCfg = Portable|x86
		{9D205384-A70C-4FF1-A962-7853CFE8FACB}.Portable|x86.Build.0 = Portable|x86
		{9D205384-A70C-4FF1-A962-7853CFE8FACB}.Release|Any CPU.ActiveCfg = Release|x86
		{9D205384-A70C-4FF1-A962-7853CFE8FACB}.Release|Mixed Platforms.ActiveCfg = Release|x86
		{9D205384-A70C-4FF1-A962-7853CFE8FACB}.Release|Mixed Platforms.Build.0 = Release|x86
		{9D205384-A70C-4FF1-A962-7853CFE8FACB}.Release|x86.ActiveCfg = Release|x86
		{9D205384-A70C-4FF1-A962-7853CFE8FACB}.Release|x86.Build.0 = Release|x86
		{9D205384-A70C-4FF1-A962-7853CFE8FACB}.silverlight_Debug|Any CPU.ActiveCfg = Debug|x86
		{9D205384-A70C-4FF1-A962-7853CFE8FACB}.silverlight_Debug|Mixed Platforms.ActiveCfg = Debug|x86
		{9D205384-A70C-4FF1-A962-7853CFE8FACB}.silverlight_Debug|Mixed Platforms.Build.0 = Debug|x86
		{9D205384-A70C-4FF1-A962-7853CFE8FACB}.silverlight_Debug|x86.ActiveCfg = Debug|x86
		{9D205384-A70C-4FF1-A962-7853CFE8FACB}.silverlight_Debug|x86.Build.0 = Debug|x86
		{9D205384-A70C-4FF1-A962-7853CFE8FACB}.silverlight_Release|Any CPU.ActiveCfg = Release|x86
		{9D205384-A70C-4FF1-A962-7853CFE8FACB}.silverlight_Release|Mixed Platforms.ActiveCfg = Release|x86
		{9D205384-A70C-4FF1-A962-7853CFE8FACB}.silverlight_Release|Mixed Platforms.Build.0 = Release|x86
		{9D205384-A70C-4FF1-A962-7853CFE8FACB}.silverlight_Release|x86.ActiveCfg = Release|x86
		{9D205384-A70C-4FF1-A962-7853CFE8FACB}.silverlight_Release|x86.Build.0 = Release|x86
		{9D205384-A70C-4FF1-A962-7853CFE8FACB}.Stats|Any CPU.ActiveCfg = Release|x86
		{9D205384-A70C-4FF1-A962-7853CFE8FACB}.Stats|Mixed Platforms.ActiveCfg = Release|x86
		{9D205384-A70C-4FF1-A962-7853CFE8FACB}.Stats|Mixed Platforms.Build.0 = Release|x86
		{9D205384-A70C-4FF1-A962-7853CFE8FACB}.Stats|x86.ActiveCfg = Release|x86
		{9D205384-A70C-4FF1-A962-7853CFE8FACB}.Stats|x86.Build.0 = Release|x86
		{9D205384-A70C-4FF1-A962-7853CFE8FACB}.winphone_Debug|Any CPU.ActiveCfg = Debug|x86
		{9D205384-A70C-4FF1-A962-7853CFE8FACB}.winphone_Debug|Mixed Platforms.ActiveCfg = Debug|x86
		{9D205384-A70C-4FF1-A962-7853CFE8FACB}.winphone_Debug|Mixed Platforms.Build.0 = Debug|x86
		{9D205384-A70C-4FF1-A962-7853CFE8FACB}.winphone_Debug|x86.ActiveCfg = Debug|x86
		{9D205384-A70C-4FF1-A962-7853CFE8FACB}.winphone_Debug|x86.Build.0 = Debug|x86
		{9D205384-A70C-4FF1-A962-7853CFE8FACB}.winphone_Release|Any CPU.ActiveCfg = Release|x86
		{9D205384-A70C-4FF1-A962-7853CFE8FACB}.winphone_Release|Mixed Platforms.ActiveCfg = Release|x86
		{9D205384-A70C-4FF1-A962-7853CFE8FACB}.winphone_Release|Mixed Platforms.Build.0 = Release|x86
		{9D205384-A70C-4FF1-A962-7853CFE8FACB}.winphone_Release|x86.ActiveCfg = Release|x86
		{9D205384-A70C-4FF1-A962-7853CFE8FACB}.winphone_Release|x86.Build.0 = Release|x86
		{4E0E1B51-FEBB-4281-976F-816C5842D190}.Debug|Any CPU.ActiveCfg = Debug|x86
		{4E0E1B51-FEBB-4281-976F-816C5842D190}.Debug|Mixed Platforms.ActiveCfg = Debug|x86
		{4E0E1B51-FEBB-4281-976F-816C5842D190}.Debug|Mixed Platforms.Build.0 = Debug|x86
		{4E0E1B51-FEBB-4281-976F-816C5842D190}.Debug|x86.ActiveCfg = Debug|x86
		{4E0E1B51-FEBB-4281-976F-816C5842D190}.Debug|x86.Build.0 = Debug|x86
		{4E0E1B51-FEBB-4281-976F-816C5842D190}.net_2_0_Debug|Any CPU.ActiveCfg = Debug|x86
		{4E0E1B51-FEBB-4281-976F-816C5842D190}.net_2_0_Debug|Mixed Platforms.ActiveCfg = Debug|x86
		{4E0E1B51-FEBB-4281-976F-816C5842D190}.net_2_0_Debug|Mixed Platforms.Build.0 = Debug|x86
		{4E0E1B51-FEBB-4281-976F-816C5842D190}.net_2_0_Debug|x86.ActiveCfg = Debug|x86
		{4E0E1B51-FEBB-4281-976F-816C5842D190}.net_2_0_Debug|x86.Build.0 = Debug|x86
		{4E0E1B51-FEBB-4281-976F-816C5842D190}.net_2_0_Release|Any CPU.ActiveCfg = Release|x86
		{4E0E1B51-FEBB-4281-976F-816C5842D190}.net_2_0_Release|Mixed Platforms.ActiveCfg = Release|x86
		{4E0E1B51-FEBB-4281-976F-816C5842D190}.net_2_0_Release|Mixed Platforms.Build.0 = Release|x86
		{4E0E1B51-FEBB-4281-976F-816C5842D190}.net_2_0_Release|x86.ActiveCfg = Release|x86
		{4E0E1B51-FEBB-4281-976F-816C5842D190}.net_2_0_Release|x86.Build.0 = Release|x86
		{4E0E1B51-FEBB-4281-976F-816C5842D190}.net_3_5_Debug|Any CPU.ActiveCfg = Debug|x86
		{4E0E1B51-FEBB-4281-976F-816C5842D190}.net_3_5_Debug|Mixed Platforms.ActiveCfg = Debug|x86
		{4E0E1B51-FEBB-4281-976F-816C5842D190}.net_3_5_Debug|Mixed Platforms.Build.0 = Debug|x86
		{4E0E1B51-FEBB-4281-976F-816C5842D190}.net_3_5_Debug|x86.ActiveCfg = Debug|x86
		{4E0E1B51-FEBB-4281-976F-816C5842D190}.net_3_5_Debug|x86.Build.0 = Debug|x86
		{4E0E1B51-FEBB-4281-976F-816C5842D190}.net_3_5_Release|Any CPU.ActiveCfg = Release|x86
		{4E0E1B51-FEBB-4281-976F-816C5842D190}.net_3_5_Release|Mixed Platforms.ActiveCfg = Release|x86
		{4E0E1B51-FEBB-4281-976F-816C5842D190}.net_3_5_Release|Mixed Platforms.Build.0 = Release|x86
		{4E0E1B51-FEBB-4281-976F-816C5842D190}.net_3_5_Release|x86.ActiveCfg = Release|x86
		{4E0E1B51-FEBB-4281-976F-816C5842D190}.net_3_5_Release|x86.Build.0 = Release|x86
		{4E0E1B51-FEBB-4281-976F-816C5842D190}.net_4_0_Debug|Any CPU.ActiveCfg = Debug|x86
		{4E0E1B51-FEBB-4281-976F-816C5842D190}.net_4_0_Debug|Mixed Platforms.ActiveCfg = Debug|x86
		{4E0E1B51-FEBB-4281-976F-816C5842D190}.net_4_0_Debug|Mixed Platforms.Build.0 = Debug|x86
		{4E0E1B51-FEBB-4281-976F-816C5842D190}.net_4_0_Debug|x86.ActiveCfg = Debug|x86
		{4E0E1B51-FEBB-4281-976F-816C5842D190}.net_4_0_Debug|x86.Build.0 = Debug|x86
		{4E0E1B51-FEBB-4281-976F-816C5842D190}.net_4_0_Release|Any CPU.ActiveCfg = Release|x86
		{4E0E1B51-FEBB-4281-976F-816C5842D190}.net_4_0_Release|Mixed Platforms.ActiveCfg = Release|x86
		{4E0E1B51-FEBB-4281-976F-816C5842D190}.net_4_0_Release|Mixed Platforms.Build.0 = Release|x86
		{4E0E1B51-FEBB-4281-976F-816C5842D190}.net_4_0_Release|x86.ActiveCfg = Release|x86
		{4E0E1B51-FEBB-4281-976F-816C5842D190}.net_4_0_Release|x86.Build.0 = Release|x86
		{4E0E1B51-FEBB-4281-976F-816C5842D190}.Portable|Any CPU.ActiveCfg = Portable|x86
		{4E0E1B51-FEBB-4281-976F-816C5842D190}.Portable|Mixed Platforms.ActiveCfg = Portable|x86
		{4E0E1B51-FEBB-4281-976F-816C5842D190}.Portable|x86.ActiveCfg = Portable|x86
		{4E0E1B51-FEBB-4281-976F-816C5842D190}.Portable|x86.Build.0 = Portable|x86
		{4E0E1B51-FEBB-4281-976F-816C5842D190}.Release|Any CPU.ActiveCfg = Release|x86
		{4E0E1B51-FEBB-4281-976F-816C5842D190}.Release|Mixed Platforms.ActiveCfg = Release|x86
		{4E0E1B51-FEBB-4281-976F-816C5842D190}.Release|Mixed Platforms.Build.0 = Release|x86
		{4E0E1B51-FEBB-4281-976F-816C5842D190}.Release|x86.ActiveCfg = Release|x86
		{4E0E1B51-FEBB-4281-976F-816C5842D190}.Release|x86.Build.0 = Release|x86
		{4E0E1B51-FEBB-4281-976F-816C5842D190}.silverlight_Debug|Any CPU.ActiveCfg = Debug|x86
		{4E0E1B51-FEBB-4281-976F-816C5842D190}.silverlight_Debug|Mixed Platforms.ActiveCfg = Debug|x86
		{4E0E1B51-FEBB-4281-976F-816C5842D190}.silverlight_Debug|Mixed Platforms.Build.0 = Debug|x86
		{4E0E1B51-FEBB-4281-976F-816C5842D190}.silverlight_Debug|x86.ActiveCfg = Debug|x86
		{4E0E1B51-FEBB-4281-976F-816C5842D190}.silverlight_Debug|x86.Build.0 = Debug|x86
		{4E0E1B51-FEBB-4281-976F-816C5842D190}.silverlight_Release|Any CPU.ActiveCfg = Release|x86
		{4E0E1B51-FEBB-4281-976F-816C5842D190}.silverlight_Release|Mixed Platforms.ActiveCfg = Release|x86
		{4E0E1B51-FEBB-4281-976F-816C5842D190}.silverlight_Release|Mixed Platforms.Build.0 = Release|x86
		{4E0E1B51-FEBB-4281-976F-816C5842D190}.silverlight_Release|x86.ActiveCfg = Release|x86
		{4E0E1B51-FEBB-4281-976F-816C5842D190}.silverlight_Release|x86.Build.0 = Release|x86
		{4E0E1B51-FEBB-4281-976F-816C5842D190}.Stats|Any CPU.ActiveCfg = Release|x86
		{4E0E1B51-FEBB-4281-976F-816C5842D190}.Stats|Mixed Platforms.ActiveCfg = Release|x86
		{4E0E1B51-FEBB-4281-976F-816C5842D190}.Stats|Mixed Platforms.Build.0 = Release|x86
		{4E0E1B51-FEBB-4281-976F-816C5842D190}.Stats|x86.ActiveCfg = Release|x86
		{4E0E1B51-FEBB-4281-976F-816C5842D190}.Stats|x86.Build.0 = Release|x86
		{4E0E1B51-FEBB-4281-976F-816C5842D190}.winphone_Debug|Any CPU.ActiveCfg = Debug|x86
		{4E0E1B51-FEBB-4281-976F-816C5842D190}.winphone_Debug|Mixed Platforms.ActiveCfg = Debug|x86
		{4E0E1B51-FEBB-4281-976F-816C5842D190}.winphone_Debug|Mixed Platforms.Build.0 = Debug|x86
		{4E0E1B51-FEBB-4281-976F-816C5842D190}.winphone_Debug|x86.ActiveCfg = Debug|x86
		{4E0E1B51-FEBB-4281-976F-816C5842D190}.winphone_Debug|x86.Build.0 = Debug|x86
		{4E0E1B51-FEBB-4281-976F-816C5842D190}.winphone_Release|Any CPU.ActiveCfg = Release|x86
		{4E0E1B51-FEBB-4281-976F-816C5842D190}.winphone_Release|Mixed Platforms.ActiveCfg = Release|x86
		{4E0E1B51-FEBB-4281-976F-816C5842D190}.winphone_Release|Mixed Platforms.Build.0 = Release|x86
		{4E0E1B51-FEBB-4281-976F-816C5842D190}.winphone_Release|x86.ActiveCfg = Release|x86
		{4E0E1B51-FEBB-4281-976F-816C5842D190}.winphone_Release|x86.Build.0 = Release|x86
	EndGlobalSection
	GlobalSection(SolutionProperties) = preSolution
		HideSolutionNode = FALSE
	EndGlobalSection
EndGlobal
