
Microsoft Visual Studio Solution File, Format Version 12.00
# Visual Studio 2010
Project("{FAE04EC0-301F-11D3-BF4B-00C04F79EFBC}") = "Patchy", "Patchy\Patchy.csproj", "{43E0AA6B-8DF3-429C-BD51-20314E47F61A}"
EndProject
Project("{FAE04EC0-301F-11D3-BF4B-00C04F79EFBC}") = "Installer", "Installer\Installer.csproj", "{1108AAC3-B62F-4298-8399-A6209A2A92CD}"
	ProjectSection(ProjectDependencies) = postProject
		{43E0AA6B-8DF3-429C-BD51-20314E47F61A} = {43E0AA6B-8DF3-429C-BD51-20314E47F61A}
	EndProjectSection
EndProject
Project("{FAE04EC0-301F-11D3-BF4B-00C04F79EFBC}") = "MonoTorrent", "externals\monotorrent\src\MonoTorrent\MonoTorrent.csproj", "{411A9E0E-FDC6-4E25-828A-0C2CD1CD96F8}"
EndProject
Project("{FAE04EC0-301F-11D3-BF4B-00C04F79EFBC}") = "MonoTorrent.Dht", "externals\monotorrent\src\MonoTorrent.Dht\MonoTorrent.Dht.csproj", "{7A2A7E73-FD43-4171-AA34-DA413D35459E}"
EndProject
Project("{FAE04EC0-301F-11D3-BF4B-00C04F79EFBC}") = "Mono.Cecil", "externals\cecil\Mono.Cecil.csproj", "{D68133BD-1E63-496E-9EDE-4FBDBF77B486}"
EndProject
Global
	GlobalSection(SolutionConfigurationPlatforms) = preSolution
		Debug|Any CPU = Debug|Any CPU
		net_2_0_Debug|Any CPU = net_2_0_Debug|Any CPU
		net_2_0_Release|Any CPU = net_2_0_Release|Any CPU
		net_3_5_Debug|Any CPU = net_3_5_Debug|Any CPU
		net_3_5_Release|Any CPU = net_3_5_Release|Any CPU
		net_4_0_Debug|Any CPU = net_4_0_Debug|Any CPU
		net_4_0_Release|Any CPU = net_4_0_Release|Any CPU
		Release|Any CPU = Release|Any CPU
		silverlight_Debug|Any CPU = silverlight_Debug|Any CPU
		silverlight_Release|Any CPU = silverlight_Release|Any CPU
		Stats|Any CPU = Stats|Any CPU
		winphone_Debug|Any CPU = winphone_Debug|Any CPU
		winphone_Release|Any CPU = winphone_Release|Any CPU
	EndGlobalSection
	GlobalSection(ProjectConfigurationPlatforms) = postSolution
		{43E0AA6B-8DF3-429C-BD51-20314E47F61A}.Debug|Any CPU.ActiveCfg = Debug|Any CPU
		{43E0AA6B-8DF3-429C-BD51-20314E47F61A}.Debug|Any CPU.Build.0 = Debug|Any CPU
		{43E0AA6B-8DF3-429C-BD51-20314E47F61A}.net_2_0_Debug|Any CPU.ActiveCfg = Debug|Any CPU
		{43E0AA6B-8DF3-429C-BD51-20314E47F61A}.net_2_0_Debug|Any CPU.Build.0 = Debug|Any CPU
		{43E0AA6B-8DF3-429C-BD51-20314E47F61A}.net_2_0_Release|Any CPU.ActiveCfg = Release|Any CPU
		{43E0AA6B-8DF3-429C-BD51-20314E47F61A}.net_2_0_Release|Any CPU.Build.0 = Release|Any CPU
		{43E0AA6B-8DF3-429C-BD51-20314E47F61A}.net_3_5_Debug|Any CPU.ActiveCfg = Debug|Any CPU
		{43E0AA6B-8DF3-429C-BD51-20314E47F61A}.net_3_5_Debug|Any CPU.Build.0 = Debug|Any CPU
		{43E0AA6B-8DF3-429C-BD51-20314E47F61A}.net_3_5_Release|Any CPU.ActiveCfg = Release|Any CPU
		{43E0AA6B-8DF3-429C-BD51-20314E47F61A}.net_3_5_Release|Any CPU.Build.0 = Release|Any CPU
		{43E0AA6B-8DF3-429C-BD51-20314E47F61A}.net_4_0_Debug|Any CPU.ActiveCfg = Debug|Any CPU
		{43E0AA6B-8DF3-429C-BD51-20314E47F61A}.net_4_0_Debug|Any CPU.Build.0 = Debug|Any CPU
		{43E0AA6B-8DF3-429C-BD51-20314E47F61A}.net_4_0_Release|Any CPU.ActiveCfg = Release|Any CPU
		{43E0AA6B-8DF3-429C-BD51-20314E47F61A}.net_4_0_Release|Any CPU.Build.0 = Release|Any CPU
		{43E0AA6B-8DF3-429C-BD51-20314E47F61A}.Release|Any CPU.ActiveCfg = Release|Any CPU
		{43E0AA6B-8DF3-429C-BD51-20314E47F61A}.Release|Any CPU.Build.0 = Release|Any CPU
		{43E0AA6B-8DF3-429C-BD51-20314E47F61A}.silverlight_Debug|Any CPU.ActiveCfg = Debug|Any CPU
		{43E0AA6B-8DF3-429C-BD51-20314E47F61A}.silverlight_Debug|Any CPU.Build.0 = Debug|Any CPU
		{43E0AA6B-8DF3-429C-BD51-20314E47F61A}.silverlight_Release|Any CPU.ActiveCfg = Release|Any CPU
		{43E0AA6B-8DF3-429C-BD51-20314E47F61A}.silverlight_Release|Any CPU.Build.0 = Release|Any CPU
		{43E0AA6B-8DF3-429C-BD51-20314E47F61A}.Stats|Any CPU.ActiveCfg = Release|Any CPU
		{43E0AA6B-8DF3-429C-BD51-20314E47F61A}.Stats|Any CPU.Build.0 = Release|Any CPU
		{43E0AA6B-8DF3-429C-BD51-20314E47F61A}.winphone_Debug|Any CPU.ActiveCfg = Debug|Any CPU
		{43E0AA6B-8DF3-429C-BD51-20314E47F61A}.winphone_Debug|Any CPU.Build.0 = Debug|Any CPU
		{43E0AA6B-8DF3-429C-BD51-20314E47F61A}.winphone_Release|Any CPU.ActiveCfg = Release|Any CPU
		{43E0AA6B-8DF3-429C-BD51-20314E47F61A}.winphone_Release|Any CPU.Build.0 = Release|Any CPU
		{1108AAC3-B62F-4298-8399-A6209A2A92CD}.Debug|Any CPU.ActiveCfg = Debug|Any CPU
		{1108AAC3-B62F-4298-8399-A6209A2A92CD}.Debug|Any CPU.Build.0 = Debug|Any CPU
		{1108AAC3-B62F-4298-8399-A6209A2A92CD}.net_2_0_Debug|Any CPU.ActiveCfg = Debug|Any CPU
		{1108AAC3-B62F-4298-8399-A6209A2A92CD}.net_2_0_Debug|Any CPU.Build.0 = Debug|Any CPU
		{1108AAC3-B62F-4298-8399-A6209A2A92CD}.net_2_0_Release|Any CPU.ActiveCfg = Release|Any CPU
		{1108AAC3-B62F-4298-8399-A6209A2A92CD}.net_2_0_Release|Any CPU.Build.0 = Release|Any CPU
		{1108AAC3-B62F-4298-8399-A6209A2A92CD}.net_3_5_Debug|Any CPU.ActiveCfg = Debug|Any CPU
		{1108AAC3-B62F-4298-8399-A6209A2A92CD}.net_3_5_Debug|Any CPU.Build.0 = Debug|Any CPU
		{1108AAC3-B62F-4298-8399-A6209A2A92CD}.net_3_5_Release|Any CPU.ActiveCfg = Release|Any CPU
		{1108AAC3-B62F-4298-8399-A6209A2A92CD}.net_3_5_Release|Any CPU.Build.0 = Release|Any CPU
		{1108AAC3-B62F-4298-8399-A6209A2A92CD}.net_4_0_Debug|Any CPU.ActiveCfg = Debug|Any CPU
		{1108AAC3-B62F-4298-8399-A6209A2A92CD}.net_4_0_Debug|Any CPU.Build.0 = Debug|Any CPU
		{1108AAC3-B62F-4298-8399-A6209A2A92CD}.net_4_0_Release|Any CPU.ActiveCfg = Release|Any CPU
		{1108AAC3-B62F-4298-8399-A6209A2A92CD}.net_4_0_Release|Any CPU.Build.0 = Release|Any CPU
		{1108AAC3-B62F-4298-8399-A6209A2A92CD}.Release|Any CPU.ActiveCfg = Release|Any CPU
		{1108AAC3-B62F-4298-8399-A6209A2A92CD}.Release|Any CPU.Build.0 = Release|Any CPU
		{1108AAC3-B62F-4298-8399-A6209A2A92CD}.silverlight_Debug|Any CPU.ActiveCfg = Debug|Any CPU
		{1108AAC3-B62F-4298-8399-A6209A2A92CD}.silverlight_Debug|Any CPU.Build.0 = Debug|Any CPU
		{1108AAC3-B62F-4298-8399-A6209A2A92CD}.silverlight_Release|Any CPU.ActiveCfg = Release|Any CPU
		{1108AAC3-B62F-4298-8399-A6209A2A92CD}.silverlight_Release|Any CPU.Build.0 = Release|Any CPU
		{1108AAC3-B62F-4298-8399-A6209A2A92CD}.Stats|Any CPU.ActiveCfg = Release|Any CPU
		{1108AAC3-B62F-4298-8399-A6209A2A92CD}.Stats|Any CPU.Build.0 = Release|Any CPU
		{1108AAC3-B62F-4298-8399-A6209A2A92CD}.winphone_Debug|Any CPU.ActiveCfg = Debug|Any CPU
		{1108AAC3-B62F-4298-8399-A6209A2A92CD}.winphone_Debug|Any CPU.Build.0 = Debug|Any CPU
		{1108AAC3-B62F-4298-8399-A6209A2A92CD}.winphone_Release|Any CPU.ActiveCfg = Release|Any CPU
		{1108AAC3-B62F-4298-8399-A6209A2A92CD}.winphone_Release|Any CPU.Build.0 = Release|Any CPU
		{411A9E0E-FDC6-4E25-828A-0C2CD1CD96F8}.Debug|Any CPU.ActiveCfg = Debug|Any CPU
		{411A9E0E-FDC6-4E25-828A-0C2CD1CD96F8}.Debug|Any CPU.Build.0 = Debug|Any CPU
		{411A9E0E-FDC6-4E25-828A-0C2CD1CD96F8}.net_2_0_Debug|Any CPU.ActiveCfg = Debug|Any CPU
		{411A9E0E-FDC6-4E25-828A-0C2CD1CD96F8}.net_2_0_Debug|Any CPU.Build.0 = Debug|Any CPU
		{411A9E0E-FDC6-4E25-828A-0C2CD1CD96F8}.net_2_0_Release|Any CPU.ActiveCfg = Release|Any CPU
		{411A9E0E-FDC6-4E25-828A-0C2CD1CD96F8}.net_2_0_Release|Any CPU.Build.0 = Release|Any CPU
		{411A9E0E-FDC6-4E25-828A-0C2CD1CD96F8}.net_3_5_Debug|Any CPU.ActiveCfg = Debug|Any CPU
		{411A9E0E-FDC6-4E25-828A-0C2CD1CD96F8}.net_3_5_Debug|Any CPU.Build.0 = Debug|Any CPU
		{411A9E0E-FDC6-4E25-828A-0C2CD1CD96F8}.net_3_5_Release|Any CPU.ActiveCfg = Release|Any CPU
		{411A9E0E-FDC6-4E25-828A-0C2CD1CD96F8}.net_3_5_Release|Any CPU.Build.0 = Release|Any CPU
		{411A9E0E-FDC6-4E25-828A-0C2CD1CD96F8}.net_4_0_Debug|Any CPU.ActiveCfg = Debug|Any CPU
		{411A9E0E-FDC6-4E25-828A-0C2CD1CD96F8}.net_4_0_Debug|Any CPU.Build.0 = Debug|Any CPU
		{411A9E0E-FDC6-4E25-828A-0C2CD1CD96F8}.net_4_0_Release|Any CPU.ActiveCfg = Release|Any CPU
		{411A9E0E-FDC6-4E25-828A-0C2CD1CD96F8}.net_4_0_Release|Any CPU.Build.0 = Release|Any CPU
		{411A9E0E-FDC6-4E25-828A-0C2CD1CD96F8}.Release|Any CPU.ActiveCfg = Release|Any CPU
		{411A9E0E-FDC6-4E25-828A-0C2CD1CD96F8}.Release|Any CPU.Build.0 = Release|Any CPU
		{411A9E0E-FDC6-4E25-828A-0C2CD1CD96F8}.silverlight_Debug|Any CPU.ActiveCfg = Debug|Any CPU
		{411A9E0E-FDC6-4E25-828A-0C2CD1CD96F8}.silverlight_Debug|Any CPU.Build.0 = Debug|Any CPU
		{411A9E0E-FDC6-4E25-828A-0C2CD1CD96F8}.silverlight_Release|Any CPU.ActiveCfg = Release|Any CPU
		{411A9E0E-FDC6-4E25-828A-0C2CD1CD96F8}.silverlight_Release|Any CPU.Build.0 = Release|Any CPU
		{411A9E0E-FDC6-4E25-828A-0C2CD1CD96F8}.Stats|Any CPU.ActiveCfg = Stats|Any CPU
		{411A9E0E-FDC6-4E25-828A-0C2CD1CD96F8}.Stats|Any CPU.Build.0 = Stats|Any CPU
		{411A9E0E-FDC6-4E25-828A-0C2CD1CD96F8}.winphone_Debug|Any CPU.ActiveCfg = Debug|Any CPU
		{411A9E0E-FDC6-4E25-828A-0C2CD1CD96F8}.winphone_Debug|Any CPU.Build.0 = Debug|Any CPU
		{411A9E0E-FDC6-4E25-828A-0C2CD1CD96F8}.winphone_Release|Any CPU.ActiveCfg = Release|Any CPU
		{411A9E0E-FDC6-4E25-828A-0C2CD1CD96F8}.winphone_Release|Any CPU.Build.0 = Release|Any CPU
		{7A2A7E73-FD43-4171-AA34-DA413D35459E}.Debug|Any CPU.ActiveCfg = Debug|Any CPU
		{7A2A7E73-FD43-4171-AA34-DA413D35459E}.Debug|Any CPU.Build.0 = Debug|Any CPU
		{7A2A7E73-FD43-4171-AA34-DA413D35459E}.net_2_0_Debug|Any CPU.ActiveCfg = Debug|Any CPU
		{7A2A7E73-FD43-4171-AA34-DA413D35459E}.net_2_0_Debug|Any CPU.Build.0 = Debug|Any CPU
		{7A2A7E73-FD43-4171-AA34-DA413D35459E}.net_2_0_Release|Any CPU.ActiveCfg = Release|Any CPU
		{7A2A7E73-FD43-4171-AA34-DA413D35459E}.net_2_0_Release|Any CPU.Build.0 = Release|Any CPU
		{7A2A7E73-FD43-4171-AA34-DA413D35459E}.net_3_5_Debug|Any CPU.ActiveCfg = Debug|Any CPU
		{7A2A7E73-FD43-4171-AA34-DA413D35459E}.net_3_5_Debug|Any CPU.Build.0 = Debug|Any CPU
		{7A2A7E73-FD43-4171-AA34-DA413D35459E}.net_3_5_Release|Any CPU.ActiveCfg = Release|Any CPU
		{7A2A7E73-FD43-4171-AA34-DA413D35459E}.net_3_5_Release|Any CPU.Build.0 = Release|Any CPU
		{7A2A7E73-FD43-4171-AA34-DA413D35459E}.net_4_0_Debug|Any CPU.ActiveCfg = Debug|Any CPU
		{7A2A7E73-FD43-4171-AA34-DA413D35459E}.net_4_0_Debug|Any CPU.Build.0 = Debug|Any CPU
		{7A2A7E73-FD43-4171-AA34-DA413D35459E}.net_4_0_Release|Any CPU.ActiveCfg = Release|Any CPU
		{7A2A7E73-FD43-4171-AA34-DA413D35459E}.net_4_0_Release|Any CPU.Build.0 = Release|Any CPU
		{7A2A7E73-FD43-4171-AA34-DA413D35459E}.Release|Any CPU.ActiveCfg = Release|Any CPU
		{7A2A7E73-FD43-4171-AA34-DA413D35459E}.Release|Any CPU.Build.0 = Release|Any CPU
		{7A2A7E73-FD43-4171-AA34-DA413D35459E}.silverlight_Debug|Any CPU.ActiveCfg = Debug|Any CPU
		{7A2A7E73-FD43-4171-AA34-DA413D35459E}.silverlight_Debug|Any CPU.Build.0 = Debug|Any CPU
		{7A2A7E73-FD43-4171-AA34-DA413D35459E}.silverlight_Release|Any CPU.ActiveCfg = Release|Any CPU
		{7A2A7E73-FD43-4171-AA34-DA413D35459E}.silverlight_Release|Any CPU.Build.0 = Release|Any CPU
		{7A2A7E73-FD43-4171-AA34-DA413D35459E}.Stats|Any CPU.ActiveCfg = Release|Any CPU
		{7A2A7E73-FD43-4171-AA34-DA413D35459E}.Stats|Any CPU.Build.0 = Release|Any CPU
		{7A2A7E73-FD43-4171-AA34-DA413D35459E}.winphone_Debug|Any CPU.ActiveCfg = Debug|Any CPU
		{7A2A7E73-FD43-4171-AA34-DA413D35459E}.winphone_Debug|Any CPU.Build.0 = Debug|Any CPU
		{7A2A7E73-FD43-4171-AA34-DA413D35459E}.winphone_Release|Any CPU.ActiveCfg = Release|Any CPU
		{7A2A7E73-FD43-4171-AA34-DA413D35459E}.winphone_Release|Any CPU.Build.0 = Release|Any CPU
		{D68133BD-1E63-496E-9EDE-4FBDBF77B486}.Debug|Any CPU.ActiveCfg = winphone_Debug|Any CPU
		{D68133BD-1E63-496E-9EDE-4FBDBF77B486}.Debug|Any CPU.Build.0 = winphone_Debug|Any CPU
		{D68133BD-1E63-496E-9EDE-4FBDBF77B486}.net_2_0_Debug|Any CPU.ActiveCfg = net_2_0_Debug|Any CPU
		{D68133BD-1E63-496E-9EDE-4FBDBF77B486}.net_2_0_Debug|Any CPU.Build.0 = net_2_0_Debug|Any CPU
		{D68133BD-1E63-496E-9EDE-4FBDBF77B486}.net_2_0_Release|Any CPU.ActiveCfg = net_2_0_Release|Any CPU
		{D68133BD-1E63-496E-9EDE-4FBDBF77B486}.net_2_0_Release|Any CPU.Build.0 = net_2_0_Release|Any CPU
		{D68133BD-1E63-496E-9EDE-4FBDBF77B486}.net_3_5_Debug|Any CPU.ActiveCfg = net_3_5_Debug|Any CPU
		{D68133BD-1E63-496E-9EDE-4FBDBF77B486}.net_3_5_Debug|Any CPU.Build.0 = net_3_5_Debug|Any CPU
		{D68133BD-1E63-496E-9EDE-4FBDBF77B486}.net_3_5_Release|Any CPU.ActiveCfg = net_3_5_Release|Any CPU
		{D68133BD-1E63-496E-9EDE-4FBDBF77B486}.net_3_5_Release|Any CPU.Build.0 = net_3_5_Release|Any CPU
		{D68133BD-1E63-496E-9EDE-4FBDBF77B486}.net_4_0_Debug|Any CPU.ActiveCfg = net_4_0_Debug|Any CPU
		{D68133BD-1E63-496E-9EDE-4FBDBF77B486}.net_4_0_Debug|Any CPU.Build.0 = net_4_0_Debug|Any CPU
		{D68133BD-1E63-496E-9EDE-4FBDBF77B486}.net_4_0_Release|Any CPU.ActiveCfg = net_4_0_Release|Any CPU
		{D68133BD-1E63-496E-9EDE-4FBDBF77B486}.net_4_0_Release|Any CPU.Build.0 = net_4_0_Release|Any CPU
		{D68133BD-1E63-496E-9EDE-4FBDBF77B486}.Release|Any CPU.ActiveCfg = winphone_Release|Any CPU
		{D68133BD-1E63-496E-9EDE-4FBDBF77B486}.Release|Any CPU.Build.0 = winphone_Release|Any CPU
		{D68133BD-1E63-496E-9EDE-4FBDBF77B486}.silverlight_Debug|Any CPU.ActiveCfg = silverlight_Debug|Any CPU
		{D68133BD-1E63-496E-9EDE-4FBDBF77B486}.silverlight_Debug|Any CPU.Build.0 = silverlight_Debug|Any CPU
		{D68133BD-1E63-496E-9EDE-4FBDBF77B486}.silverlight_Release|Any CPU.ActiveCfg = silverlight_Release|Any CPU
		{D68133BD-1E63-496E-9EDE-4FBDBF77B486}.silverlight_Release|Any CPU.Build.0 = silverlight_Release|Any CPU
		{D68133BD-1E63-496E-9EDE-4FBDBF77B486}.Stats|Any CPU.ActiveCfg = silverlight_Release|Any CPU
		{D68133BD-1E63-496E-9EDE-4FBDBF77B486}.Stats|Any CPU.Build.0 = silverlight_Release|Any CPU
		{D68133BD-1E63-496E-9EDE-4FBDBF77B486}.winphone_Debug|Any CPU.ActiveCfg = winphone_Debug|Any CPU
		{D68133BD-1E63-496E-9EDE-4FBDBF77B486}.winphone_Debug|Any CPU.Build.0 = winphone_Debug|Any CPU
		{D68133BD-1E63-496E-9EDE-4FBDBF77B486}.winphone_Release|Any CPU.ActiveCfg = winphone_Release|Any CPU
		{D68133BD-1E63-496E-9EDE-4FBDBF77B486}.winphone_Release|Any CPU.Build.0 = winphone_Release|Any CPU
	EndGlobalSection
	GlobalSection(SolutionProperties) = preSolution
		HideSolutionNode = FALSE
	EndGlobalSection
EndGlobal
