
Microsoft Visual Studio Solution File, Format Version 12.00
# Visual Studio 2012
Project("{FAE04EC0-301F-11D3-BF4B-00C04F79EFBC}") = "Patchy", "Patchy\Patchy.csproj", "{43E0AA6B-8DF3-429C-BD51-20314E47F61A}"
EndProject
Project("{FAE04EC0-301F-11D3-BF4B-00C04F79EFBC}") = "Installer", "Installer\Installer.csproj", "{1108AAC3-B62F-4298-8399-A6209A2A92CD}"
	ProjectSection(ProjectDependencies) = postProject
		{43E0AA6B-8DF3-429C-BD51-20314E47F61A} = {43E0AA6B-8DF3-429C-BD51-20314E47F61A}
	EndProjectSection
EndProject
Global
	GlobalSection(SolutionConfigurationPlatforms) = preSolution
		Debug|Any CPU = Debug|Any CPU
		Release|Any CPU = Release|Any CPU
	EndGlobalSection
	GlobalSection(ProjectConfigurationPlatforms) = postSolution
		{43E0AA6B-8DF3-429C-BD51-20314E47F61A}.Debug|Any CPU.ActiveCfg = Debug|Any CPU
		{43E0AA6B-8DF3-429C-BD51-20314E47F61A}.Debug|Any CPU.Build.0 = Debug|Any CPU
		{43E0AA6B-8DF3-429C-BD51-20314E47F61A}.Release|Any CPU.ActiveCfg = Release|Any CPU
		{43E0AA6B-8DF3-429C-BD51-20314E47F61A}.Release|Any CPU.Build.0 = Release|Any CPU
		{1108AAC3-B62F-4298-8399-A6209A2A92CD}.Debug|Any CPU.ActiveCfg = Debug|Any CPU
		{1108AAC3-B62F-4298-8399-A6209A2A92CD}.Debug|Any CPU.Build.0 = Debug|Any CPU
		{1108AAC3-B62F-4298-8399-A6209A2A92CD}.Release|Any CPU.ActiveCfg = Release|Any CPU
		{1108AAC3-B62F-4298-8399-A6209A2A92CD}.Release|Any CPU.Build.0 = Release|Any CPU
	EndGlobalSection
	GlobalSection(SolutionProperties) = preSolution
		HideSolutionNode = FALSE
	EndGlobalSection
EndGlobal
